PODS:
  - GzipSwift (5.1.1)
  - Introspect (0.1.2)
  - mecab-ko (0.4.0)
  - mecab-naist-jdic-utf-8 (0.1.3)
  - SwiftSoup (2.3.2)
  - SwiftUIPager (1.14.1)
  - SwiftyJSON (5.0.0)
  - SwiftyNarou (1.1.12):
    - GzipSwift
    - SwiftSoup
    - SwiftyJSON

DEPENDENCIES:
  - GzipSwift
  - Introspect
  - mecab-ko
  - mecab-naist-jdic-utf-8
  - SwiftUIPager
  - SwiftyJSON
  - SwiftyNarou

SPEC REPOS:
  trunk:
    - GzipSwift
    - Introspect
    - mecab-ko
    - mecab-naist-jdic-utf-8
    - SwiftSoup
    - SwiftUIPager
    - SwiftyJSON
    - SwiftyNarou

SPEC CHECKSUMS:
  GzipSwift: 893f3e48e597a1a4f62fafcb6514220fcf8287fa
  Introspect: 85a29d2c5ee4d3d15469ad0b75fd8839f3e72674
  mecab-ko: 45633c9b839e8e1f025cd1895ca943de5b3e0efa
  mecab-naist-jdic-utf-8: 0df05453d30e5774bf28f019eb45507fc8a4f740
  SwiftSoup: f97bc4e988c7729d6457f9642f974c617a6e2510
  SwiftUIPager: 8ecefbab2f6c0ec95a780d6e4dc5fc8d7be68402
  SwiftyJSON: 36413e04c44ee145039d332b4f4e2d3e8d6c4db7
  SwiftyNarou: bf6894c4bd35978324af45222b070187e430ad17

PODFILE CHECKSUM: 142f4fbbdd16e1fa598e549f8752e3846261b915

COCOAPODS: 1.10.0
