PODS:
  - GzipSwift (5.1.1)
  - SwiftyJSON (4.3.0)

DEPENDENCIES:
  - GzipSwift
  - SwiftyJSON (~> 4.0)

SPEC REPOS:
  trunk:
    - GzipSwift
    - SwiftyJSON

SPEC CHECKSUMS:
  GzipSwift: 893f3e48e597a1a4f62fafcb6514220fcf8287fa
  SwiftyJSON: 6faa0040f8b59dead0ee07436cbf76b73c08fd08

PODFILE CHECKSUM: f7f3b2f269c1dc22aa6fd32024240090997529ed

COCOAPODS: 1.9.3
