// !$*UTF8*$!
{
	archiveVersion = 1;
	classes = {
	};
	objectVersion = 51;
	objects = {

/* Begin PBXBuildFile section */
		535DAAFAD261F3FD515DE20D /* libPods-ReedTests.a in Frameworks */ = {isa = PBXBuildFile; fileRef = 2B202909C8BC7C48879B3AFF /* libPods-ReedTests.a */; };
		6D12985A256E1BB500E873F4 /* DefinerTab.swift in Sources */ = {isa = PBXBuildFile; fileRef = 6D129859256E1BB500E873F4 /* DefinerTab.swift */; };
		6D1298EE257239E400E873F4 /* HistorySection+CoreDataProperties.swift in Sources */ = {isa = PBXBuildFile; fileRef = 6D1298ED257239E400E873F4 /* HistorySection+CoreDataProperties.swift */; };
		6D4F99B82556A0C900CC0DF6 /* BottomSheetView.swift in Sources */ = {isa = PBXBuildFile; fileRef = 6D4F99B72556A0C900CC0DF6 /* BottomSheetView.swift */; };
		6D9EC86725723B8B00CD4833 /* DefinableTextView.swift in Sources */ = {isa = PBXBuildFile; fileRef = 6D9EC86625723B8B00CD4833 /* DefinableTextView.swift */; };
		6DCF77DB252DB19B00CB3C5D /* ReaderViewModel.swift in Sources */ = {isa = PBXBuildFile; fileRef = 6DCF77DA252DB19B00CB3C5D /* ReaderViewModel.swift */; };
		8AFA1B8EBEB7590252ECB58B /* libPods-ReedTests.a in Frameworks */ = {isa = PBXBuildFile; fileRef = 7FED962AB0C24D51C5D53286 /* libPods-ReedTests.a */; };
		AB7A1C88AECCC47C55B834C9 /* libPods-Reed.a in Frameworks */ = {isa = PBXBuildFile; fileRef = 94F3E3D17D6E8ABD1BBAC599 /* libPods-Reed.a */; };
		B8093DD6251A988200D95DCF /* NotificationName+DictionaryParser.swift in Sources */ = {isa = PBXBuildFile; fileRef = B8093DD5251A988200D95DCF /* NotificationName+DictionaryParser.swift */; };
		B80CBD272542887700C807CD /* DiscoverListItemViewModel.swift in Sources */ = {isa = PBXBuildFile; fileRef = B80CBD262542887700C807CD /* DiscoverListItemViewModel.swift */; };
		B80E0E6B25497E13009B0EE8 /* SearchResults.swift in Sources */ = {isa = PBXBuildFile; fileRef = B80E0E6A25497E13009B0EE8 /* SearchResults.swift */; };
		B80E0E7025497EBA009B0EE8 /* DiscoverSearchResultsViewModel.swift in Sources */ = {isa = PBXBuildFile; fileRef = B80E0E6F25497EBA009B0EE8 /* DiscoverSearchResultsViewModel.swift */; };
		B80E0E75254A225B009B0EE8 /* UINavigationController+UIGestureRecognizerDelegate.swift in Sources */ = {isa = PBXBuildFile; fileRef = B80E0E74254A225B009B0EE8 /* UINavigationController+UIGestureRecognizerDelegate.swift */; };
		B80F45BC25411271004F8A22 /* DiscoverListViewModel.swift in Sources */ = {isa = PBXBuildFile; fileRef = B80F45BB25411271004F8A22 /* DiscoverListViewModel.swift */; };
		B81C86FD250A1370000B9E5F /* LibraryViewModel.swift in Sources */ = {isa = PBXBuildFile; fileRef = B81C86FC250A1370000B9E5F /* LibraryViewModel.swift */; };
		B81C86FF250A2207000B9E5F /* LibraryEntryViewModel.swift in Sources */ = {isa = PBXBuildFile; fileRef = B81C86FE250A2207000B9E5F /* LibraryEntryViewModel.swift */; };
		B82AF5DF2548015B00FAB2A8 /* View+UIKitComponents.swift in Sources */ = {isa = PBXBuildFile; fileRef = B82AF5DC2548015B00FAB2A8 /* View+UIKitComponents.swift */; };
		B82AF5FD2548031F00FAB2A8 /* SearchBar.swift in Sources */ = {isa = PBXBuildFile; fileRef = B82AF5FB2548031F00FAB2A8 /* SearchBar.swift */; };
		B82AF5FE2548031F00FAB2A8 /* ViewControllerResolver.swift in Sources */ = {isa = PBXBuildFile; fileRef = B82AF5FC2548031F00FAB2A8 /* ViewControllerResolver.swift */; };
		B82AF6472548148200FAB2A8 /* SearchHistory.swift in Sources */ = {isa = PBXBuildFile; fileRef = B82AF6442548148100FAB2A8 /* SearchHistory.swift */; };
		B82AF65E2548187200FAB2A8 /* DiscoverSearchViewModel.swift in Sources */ = {isa = PBXBuildFile; fileRef = B82AF65D2548187200FAB2A8 /* DiscoverSearchViewModel.swift */; };
		B82D3D95254D2DA200F06836 /* CategoryButtons.swift in Sources */ = {isa = PBXBuildFile; fileRef = B82D3D94254D2DA200F06836 /* CategoryButtons.swift */; };
		B82D3D9A254D2E7700F06836 /* CategoryButtonsViewModel.swift in Sources */ = {isa = PBXBuildFile; fileRef = B82D3D99254D2E7700F06836 /* CategoryButtonsViewModel.swift */; };
		B82E949325662E98004A6F85 /* PartOfSpeech.swift in Sources */ = {isa = PBXBuildFile; fileRef = B82E949225662E98004A6F85 /* PartOfSpeech.swift */; };
		B82E94A42566332D004A6F85 /* MecabWordNode.swift in Sources */ = {isa = PBXBuildFile; fileRef = B82E94A32566332D004A6F85 /* MecabWordNode.swift */; };
		B82E94AD25663890004A6F85 /* Deinflector.swift in Sources */ = {isa = PBXBuildFile; fileRef = B82E94AB25663890004A6F85 /* Deinflector.swift */; };
		B82E94AE25663890004A6F85 /* DeinflectionRules.swift in Sources */ = {isa = PBXBuildFile; fileRef = B82E94AC25663890004A6F85 /* DeinflectionRules.swift */; };
		B82E94B3256643C2004A6F85 /* Tokenizer.swift in Sources */ = {isa = PBXBuildFile; fileRef = B82E94B2256643C2004A6F85 /* Tokenizer.swift */; };
		B82E94B825664EA0004A6F85 /* FuriganaMaker.swift in Sources */ = {isa = PBXBuildFile; fileRef = B82E94B725664EA0004A6F85 /* FuriganaMaker.swift */; };
		B82E94BD25665601004A6F85 /* PartOfSpeechMatcher.swift in Sources */ = {isa = PBXBuildFile; fileRef = B82E94BC25665601004A6F85 /* PartOfSpeechMatcher.swift */; };
		B82E94CA256658A8004A6F85 /* FuriganaMakerTests.swift in Sources */ = {isa = PBXBuildFile; fileRef = B82E94C6256658A8004A6F85 /* FuriganaMakerTests.swift */; };
		B82E94CB256658A8004A6F85 /* TokenizerTests.swift in Sources */ = {isa = PBXBuildFile; fileRef = B82E94C7256658A8004A6F85 /* TokenizerTests.swift */; };
		B82E94CC256658A8004A6F85 /* PartOfSpeechMatcherTests.swift in Sources */ = {isa = PBXBuildFile; fileRef = B82E94C8256658A8004A6F85 /* PartOfSpeechMatcherTests.swift */; };
		B83F4B87256F49E60057CFC9 /* NovelDetailsViewModelTests.swift in Sources */ = {isa = PBXBuildFile; fileRef = B83F4B86256F49E60057CFC9 /* NovelDetailsViewModelTests.swift */; };
		B83F4B8C256F524D0057CFC9 /* XCTest+busyAssert.swift in Sources */ = {isa = PBXBuildFile; fileRef = B83F4B8B256F524D0057CFC9 /* XCTest+busyAssert.swift */; };
		B83F4BAC256F88CC0057CFC9 /* ReaderViewModelTests.swift in Sources */ = {isa = PBXBuildFile; fileRef = B83F4BAB256F88CC0057CFC9 /* ReaderViewModelTests.swift */; };
		B844F2BD256119060097F5EF /* NovelDetailsModel.swift in Sources */ = {isa = PBXBuildFile; fileRef = B844F2BC256119060097F5EF /* NovelDetailsModel.swift */; };
		B844F2C825611CD80097F5EF /* NovelDetailsModelTests.swift in Sources */ = {isa = PBXBuildFile; fileRef = B844F2C725611CD80097F5EF /* NovelDetailsModelTests.swift */; };
		B8462309250AF5A3002358A0 /* DictionaryParser.swift in Sources */ = {isa = PBXBuildFile; fileRef = B8462308250AF5A3002358A0 /* DictionaryParser.swift */; };
		B846482F2526CB5000D5A76D /* DictionaryFetcherTests.swift in Sources */ = {isa = PBXBuildFile; fileRef = B846482E2526CB5000D5A76D /* DictionaryFetcherTests.swift */; };
		B8539EE52519755A000FF025 /* DictionaryStorageManagerTests.swift in Sources */ = {isa = PBXBuildFile; fileRef = B8539EE42519755A000FF025 /* DictionaryStorageManagerTests.swift */; };
		B860B7122518207900F48FBE /* JMdict_e.json.gz in Resources */ = {isa = PBXBuildFile; fileRef = B860B7112518207800F48FBE /* JMdict_e.json.gz */; };
		B86550CD255A08D800E4786F /* HistoryEntry+CoreDataProperties.swift in Sources */ = {isa = PBXBuildFile; fileRef = B86550CA255A08D800E4786F /* HistoryEntry+CoreDataProperties.swift */; };
		B86550CE255A08D800E4786F /* HistorySection+CoreDataClass.swift in Sources */ = {isa = PBXBuildFile; fileRef = B86550CB255A08D800E4786F /* HistorySection+CoreDataClass.swift */; };
		B86550CF255A08D800E4786F /* HistoryEntry+CoreDataClass.swift in Sources */ = {isa = PBXBuildFile; fileRef = B86550CC255A08D800E4786F /* HistoryEntry+CoreDataClass.swift */; };
		B8667F102509C745001EABD4 /* AppView.swift in Sources */ = {isa = PBXBuildFile; fileRef = B8667F0F2509C745001EABD4 /* AppView.swift */; };
		B8667F132509CA68001EABD4 /* SettingsView.swift in Sources */ = {isa = PBXBuildFile; fileRef = B8667F122509CA68001EABD4 /* SettingsView.swift */; };
		B87D30772516C537002E25FF /* DictionaryLanguageSource+CoreDataClass.swift in Sources */ = {isa = PBXBuildFile; fileRef = B87D30752516C537002E25FF /* DictionaryLanguageSource+CoreDataClass.swift */; };
		B87D30782516C537002E25FF /* DictionaryLanguageSource+CoreDataProperties.swift in Sources */ = {isa = PBXBuildFile; fileRef = B87D30762516C537002E25FF /* DictionaryLanguageSource+CoreDataProperties.swift */; };
		B880D139251810F20097AF8D /* SplashViewModel.swift in Sources */ = {isa = PBXBuildFile; fileRef = B880D138251810F20097AF8D /* SplashViewModel.swift */; };
		B8939B8425152ED0000399E0 /* DictionaryParserTestUtils.swift in Sources */ = {isa = PBXBuildFile; fileRef = B8939B8325152ED0000399E0 /* DictionaryParserTestUtils.swift */; };
		B8977925256626D400DF1B79 /* MecabWrapper.swift in Sources */ = {isa = PBXBuildFile; fileRef = B8977923256626D400DF1B79 /* MecabWrapper.swift */; };
		B89810F8250F17210059F71F /* DictionaryStorageManager.swift in Sources */ = {isa = PBXBuildFile; fileRef = B89810F7250F17210059F71F /* DictionaryStorageManager.swift */; };
		B89810FA250F504E0059F71F /* TestUtils.swift in Sources */ = {isa = PBXBuildFile; fileRef = B89810F9250F504E0059F71F /* TestUtils.swift */; };
		B8981108250F6D140059F71F /* Reed.xcdatamodeld in Sources */ = {isa = PBXBuildFile; fileRef = B8D4569D2508D1A2000F9E5F /* Reed.xcdatamodeld */; };
		B898110B250F81600059F71F /* NSManagedObject+Init.swift in Sources */ = {isa = PBXBuildFile; fileRef = B898110A250F81600059F71F /* NSManagedObject+Init.swift */; };
		B89CD68625098C0100D7D8ED /* DiscoverView.swift in Sources */ = {isa = PBXBuildFile; fileRef = B89CD68525098C0100D7D8ED /* DiscoverView.swift */; };
		B89CD68E2509928800D7D8ED /* ReaderView.swift in Sources */ = {isa = PBXBuildFile; fileRef = B89CD68D2509928800D7D8ED /* ReaderView.swift */; };
		B89CD6922509930100D7D8ED /* VocabularyListsView.swift in Sources */ = {isa = PBXBuildFile; fileRef = B89CD6912509930100D7D8ED /* VocabularyListsView.swift */; };
		B89CD6942509934700D7D8ED /* VocabularyListView.swift in Sources */ = {isa = PBXBuildFile; fileRef = B89CD6932509934700D7D8ED /* VocabularyListView.swift */; };
		B89CD6962509938C00D7D8ED /* VocabularyCardView.swift in Sources */ = {isa = PBXBuildFile; fileRef = B89CD6952509938C00D7D8ED /* VocabularyCardView.swift */; };
		B89CD698250993F800D7D8ED /* DefinerView.swift in Sources */ = {isa = PBXBuildFile; fileRef = B89CD697250993F800D7D8ED /* DefinerView.swift */; };
		B89CD69A2509944200D7D8ED /* MockCards.swift in Sources */ = {isa = PBXBuildFile; fileRef = B89CD6992509944200D7D8ED /* MockCards.swift */; };
		B8A5E50E2527BACE003BCF07 /* UtilsTests.swift in Sources */ = {isa = PBXBuildFile; fileRef = B8A5E50D2527BACE003BCF07 /* UtilsTests.swift */; };
		B8A78F072542F26700577974 /* DiscoverList.swift in Sources */ = {isa = PBXBuildFile; fileRef = B8A78F062542F26700577974 /* DiscoverList.swift */; };
		B8A78F0C2542F27200577974 /* DiscoverListItem.swift in Sources */ = {isa = PBXBuildFile; fileRef = B8A78F0B2542F27200577974 /* DiscoverListItem.swift */; };
		B8ADEAB52570E0CC007C3D28 /* View+readSize.swift in Sources */ = {isa = PBXBuildFile; fileRef = B8ADEAB42570E0CC007C3D28 /* View+readSize.swift */; };
		B8ADEABA2570E205007C3D28 /* FlexView.swift in Sources */ = {isa = PBXBuildFile; fileRef = B8ADEAB92570E205007C3D28 /* FlexView.swift */; };
		B8B8F9912526C10400D6DF8B /* DictionaryFetcher.swift in Sources */ = {isa = PBXBuildFile; fileRef = B8B8F9902526C10400D6DF8B /* DictionaryFetcher.swift */; };
		B8C88D7C256F9FC0006CD768 /* DictionaryUtils.swift in Sources */ = {isa = PBXBuildFile; fileRef = B8C88D7B256F9FC0006CD768 /* DictionaryUtils.swift */; };
		B8D041C125667C18003F1E05 /* DeinflectorTests.swift in Sources */ = {isa = PBXBuildFile; fileRef = B8D041C025667C18003F1E05 /* DeinflectorTests.swift */; };
		B8D4569A2508D1A2000F9E5F /* AppDelegate.swift in Sources */ = {isa = PBXBuildFile; fileRef = B8D456992508D1A2000F9E5F /* AppDelegate.swift */; };
		B8D4569C2508D1A2000F9E5F /* SceneDelegate.swift in Sources */ = {isa = PBXBuildFile; fileRef = B8D4569B2508D1A2000F9E5F /* SceneDelegate.swift */; };
		B8D4569F2508D1A2000F9E5F /* Reed.xcdatamodeld in Sources */ = {isa = PBXBuildFile; fileRef = B8D4569D2508D1A2000F9E5F /* Reed.xcdatamodeld */; };
		B8D456A12508D1A2000F9E5F /* LibraryView.swift in Sources */ = {isa = PBXBuildFile; fileRef = B8D456A02508D1A2000F9E5F /* LibraryView.swift */; };
		B8D456A32508D1A2000F9E5F /* Assets.xcassets in Resources */ = {isa = PBXBuildFile; fileRef = B8D456A22508D1A2000F9E5F /* Assets.xcassets */; };
		B8D456A62508D1A2000F9E5F /* Preview Assets.xcassets in Resources */ = {isa = PBXBuildFile; fileRef = B8D456A52508D1A2000F9E5F /* Preview Assets.xcassets */; };
		B8D456B42508D1A2000F9E5F /* DictionaryParserTests.swift in Sources */ = {isa = PBXBuildFile; fileRef = B8D456B32508D1A2000F9E5F /* DictionaryParserTests.swift */; };
		B8D456BF2508D1A3000F9E5F /* ReedUITests.swift in Sources */ = {isa = PBXBuildFile; fileRef = B8D456BE2508D1A3000F9E5F /* ReedUITests.swift */; };
		B8D456D62508DD24000F9E5F /* LibraryEntryView.swift in Sources */ = {isa = PBXBuildFile; fileRef = B8D456D52508DD24000F9E5F /* LibraryEntryView.swift */; };
		B8E25AC52564D164007B492E /* ReaderModel.swift in Sources */ = {isa = PBXBuildFile; fileRef = B8E25AC42564D164007B492E /* ReaderModel.swift */; };
		B8E25ACA256505F3007B492E /* Utils.swift in Sources */ = {isa = PBXBuildFile; fileRef = B8E25AC9256505F3007B492E /* Utils.swift */; };
		B8F04A892517F07500405599 /* SplashView.swift in Sources */ = {isa = PBXBuildFile; fileRef = B8F04A882517F07500405599 /* SplashView.swift */; };
		B8F5C20D250EDDB2000810F8 /* DictionaryEntry+CoreDataClass.swift in Sources */ = {isa = PBXBuildFile; fileRef = B8F5C209250EDDB2000810F8 /* DictionaryEntry+CoreDataClass.swift */; };
		B8F5C20E250EDDB2000810F8 /* DictionaryEntry+CoreDataProperties.swift in Sources */ = {isa = PBXBuildFile; fileRef = B8F5C20A250EDDB2000810F8 /* DictionaryEntry+CoreDataProperties.swift */; };
		B8F5C20F250EDDB2000810F8 /* DictionaryReading+CoreDataClass.swift in Sources */ = {isa = PBXBuildFile; fileRef = B8F5C20B250EDDB2000810F8 /* DictionaryReading+CoreDataClass.swift */; };
		B8F5C210250EDDB2000810F8 /* DictionaryReading+CoreDataProperties.swift in Sources */ = {isa = PBXBuildFile; fileRef = B8F5C20C250EDDB2000810F8 /* DictionaryReading+CoreDataProperties.swift */; };
		B8F5C215250EDEEB000810F8 /* DictionaryDefinition+CoreDataClass.swift in Sources */ = {isa = PBXBuildFile; fileRef = B8F5C211250EDEEB000810F8 /* DictionaryDefinition+CoreDataClass.swift */; };
		B8F5C216250EDEEB000810F8 /* DictionaryDefinition+CoreDataProperties.swift in Sources */ = {isa = PBXBuildFile; fileRef = B8F5C212250EDEEB000810F8 /* DictionaryDefinition+CoreDataProperties.swift */; };
		B8F5C217250EDEEB000810F8 /* DictionaryTerm+CoreDataClass.swift in Sources */ = {isa = PBXBuildFile; fileRef = B8F5C213250EDEEB000810F8 /* DictionaryTerm+CoreDataClass.swift */; };
		B8F5C218250EDEEB000810F8 /* DictionaryTerm+CoreDataProperties.swift in Sources */ = {isa = PBXBuildFile; fileRef = B8F5C214250EDEEB000810F8 /* DictionaryTerm+CoreDataProperties.swift */; };
		B8FA12612550B1E300ABE1D3 /* DiscoverTabConstants.swift in Sources */ = {isa = PBXBuildFile; fileRef = B8FA12602550B1E300ABE1D3 /* DiscoverTabConstants.swift */; };
		B8FA93B1254BAEEC00AE362C /* NovelDetailsViewModel.swift in Sources */ = {isa = PBXBuildFile; fileRef = B8FA93B0254BAEEC00AE362C /* NovelDetailsViewModel.swift */; };
		B8FA93B9254BB08F00AE362C /* NovelDetailsView.swift in Sources */ = {isa = PBXBuildFile; fileRef = B8FA93B8254BB08F00AE362C /* NovelDetailsView.swift */; };
		B8FA93BE254BBE0D00AE362C /* NavigationLazyView.swift in Sources */ = {isa = PBXBuildFile; fileRef = B8FA93BD254BBE0D00AE362C /* NavigationLazyView.swift */; };
/* End PBXBuildFile section */

/* Begin PBXContainerItemProxy section */
		B8D456B02508D1A2000F9E5F /* PBXContainerItemProxy */ = {
			isa = PBXContainerItemProxy;
			containerPortal = B8D4568E2508D1A2000F9E5F /* Project object */;
			proxyType = 1;
			remoteGlobalIDString = B8D456952508D1A2000F9E5F;
			remoteInfo = Reed;
		};
		B8D456BB2508D1A3000F9E5F /* PBXContainerItemProxy */ = {
			isa = PBXContainerItemProxy;
			containerPortal = B8D4568E2508D1A2000F9E5F /* Project object */;
			proxyType = 1;
			remoteGlobalIDString = B8D456952508D1A2000F9E5F;
			remoteInfo = Reed;
		};
/* End PBXContainerItemProxy section */

/* Begin PBXFileReference section */
		05F6AF7D4822634DEDD39684 /* Pods-Reed.release.xcconfig */ = {isa = PBXFileReference; includeInIndex = 1; lastKnownFileType = text.xcconfig; name = "Pods-Reed.release.xcconfig"; path = "Target Support Files/Pods-Reed/Pods-Reed.release.xcconfig"; sourceTree = "<group>"; };
		09D60999940D335A7D74D917 /* Pods-ReedTests.debug.xcconfig */ = {isa = PBXFileReference; includeInIndex = 1; lastKnownFileType = text.xcconfig; name = "Pods-ReedTests.debug.xcconfig"; path = "Target Support Files/Pods-ReedTests/Pods-ReedTests.debug.xcconfig"; sourceTree = "<group>"; };
		2B202909C8BC7C48879B3AFF /* libPods-ReedTests.a */ = {isa = PBXFileReference; explicitFileType = archive.ar; includeInIndex = 0; path = "libPods-ReedTests.a"; sourceTree = BUILT_PRODUCTS_DIR; };
		4C9134A1E97C7A555EA7B8DB /* Pods-ReedTests.release.xcconfig */ = {isa = PBXFileReference; includeInIndex = 1; lastKnownFileType = text.xcconfig; name = "Pods-ReedTests.release.xcconfig"; path = "Target Support Files/Pods-ReedTests/Pods-ReedTests.release.xcconfig"; sourceTree = "<group>"; };
		6D129859256E1BB500E873F4 /* DefinerTab.swift */ = {isa = PBXFileReference; lastKnownFileType = sourcecode.swift; path = DefinerTab.swift; sourceTree = "<group>"; };
		6D1298ED257239E400E873F4 /* HistorySection+CoreDataProperties.swift */ = {isa = PBXFileReference; fileEncoding = 4; lastKnownFileType = sourcecode.swift; path = "HistorySection+CoreDataProperties.swift"; sourceTree = "<group>"; };
		6D4F99B72556A0C900CC0DF6 /* BottomSheetView.swift */ = {isa = PBXFileReference; lastKnownFileType = sourcecode.swift; path = BottomSheetView.swift; sourceTree = "<group>"; };
		6D9EC86625723B8B00CD4833 /* DefinableTextView.swift */ = {isa = PBXFileReference; fileEncoding = 4; lastKnownFileType = sourcecode.swift; path = DefinableTextView.swift; sourceTree = "<group>"; };
		6DCF77DA252DB19B00CB3C5D /* ReaderViewModel.swift */ = {isa = PBXFileReference; lastKnownFileType = sourcecode.swift; path = ReaderViewModel.swift; sourceTree = "<group>"; };
		7FED962AB0C24D51C5D53286 /* libPods-ReedTests.a */ = {isa = PBXFileReference; explicitFileType = archive.ar; includeInIndex = 0; path = "libPods-ReedTests.a"; sourceTree = BUILT_PRODUCTS_DIR; };
		94F3E3D17D6E8ABD1BBAC599 /* libPods-Reed.a */ = {isa = PBXFileReference; explicitFileType = archive.ar; includeInIndex = 0; path = "libPods-Reed.a"; sourceTree = BUILT_PRODUCTS_DIR; };
		B8093DD5251A988200D95DCF /* NotificationName+DictionaryParser.swift */ = {isa = PBXFileReference; lastKnownFileType = sourcecode.swift; path = "NotificationName+DictionaryParser.swift"; sourceTree = "<group>"; };
		B80CBD262542887700C807CD /* DiscoverListItemViewModel.swift */ = {isa = PBXFileReference; lastKnownFileType = sourcecode.swift; path = DiscoverListItemViewModel.swift; sourceTree = "<group>"; };
		B80E0E6A25497E13009B0EE8 /* SearchResults.swift */ = {isa = PBXFileReference; fileEncoding = 4; lastKnownFileType = sourcecode.swift; path = SearchResults.swift; sourceTree = "<group>"; };
		B80E0E6F25497EBA009B0EE8 /* DiscoverSearchResultsViewModel.swift */ = {isa = PBXFileReference; lastKnownFileType = sourcecode.swift; path = DiscoverSearchResultsViewModel.swift; sourceTree = "<group>"; };
		B80E0E74254A225B009B0EE8 /* UINavigationController+UIGestureRecognizerDelegate.swift */ = {isa = PBXFileReference; lastKnownFileType = sourcecode.swift; path = "UINavigationController+UIGestureRecognizerDelegate.swift"; sourceTree = "<group>"; };
		B80F45BB25411271004F8A22 /* DiscoverListViewModel.swift */ = {isa = PBXFileReference; lastKnownFileType = sourcecode.swift; path = DiscoverListViewModel.swift; sourceTree = "<group>"; };
		B81C86FC250A1370000B9E5F /* LibraryViewModel.swift */ = {isa = PBXFileReference; lastKnownFileType = sourcecode.swift; path = LibraryViewModel.swift; sourceTree = "<group>"; };
		B81C86FE250A2207000B9E5F /* LibraryEntryViewModel.swift */ = {isa = PBXFileReference; lastKnownFileType = sourcecode.swift; path = LibraryEntryViewModel.swift; sourceTree = "<group>"; };
		B82AF5DC2548015B00FAB2A8 /* View+UIKitComponents.swift */ = {isa = PBXFileReference; fileEncoding = 4; lastKnownFileType = sourcecode.swift; path = "View+UIKitComponents.swift"; sourceTree = "<group>"; };
		B82AF5FB2548031F00FAB2A8 /* SearchBar.swift */ = {isa = PBXFileReference; fileEncoding = 4; lastKnownFileType = sourcecode.swift; path = SearchBar.swift; sourceTree = "<group>"; };
		B82AF5FC2548031F00FAB2A8 /* ViewControllerResolver.swift */ = {isa = PBXFileReference; fileEncoding = 4; lastKnownFileType = sourcecode.swift; path = ViewControllerResolver.swift; sourceTree = "<group>"; };
		B82AF6442548148100FAB2A8 /* SearchHistory.swift */ = {isa = PBXFileReference; fileEncoding = 4; lastKnownFileType = sourcecode.swift; path = SearchHistory.swift; sourceTree = "<group>"; };
		B82AF65D2548187200FAB2A8 /* DiscoverSearchViewModel.swift */ = {isa = PBXFileReference; lastKnownFileType = sourcecode.swift; path = DiscoverSearchViewModel.swift; sourceTree = "<group>"; };
		B82D3D94254D2DA200F06836 /* CategoryButtons.swift */ = {isa = PBXFileReference; lastKnownFileType = sourcecode.swift; path = CategoryButtons.swift; sourceTree = "<group>"; };
		B82D3D99254D2E7700F06836 /* CategoryButtonsViewModel.swift */ = {isa = PBXFileReference; lastKnownFileType = sourcecode.swift; path = CategoryButtonsViewModel.swift; sourceTree = "<group>"; };
		B82E949225662E98004A6F85 /* PartOfSpeech.swift */ = {isa = PBXFileReference; fileEncoding = 4; lastKnownFileType = sourcecode.swift; path = PartOfSpeech.swift; sourceTree = "<group>"; };
		B82E94A32566332D004A6F85 /* MecabWordNode.swift */ = {isa = PBXFileReference; fileEncoding = 4; lastKnownFileType = sourcecode.swift; path = MecabWordNode.swift; sourceTree = "<group>"; };
		B82E94AB25663890004A6F85 /* Deinflector.swift */ = {isa = PBXFileReference; fileEncoding = 4; lastKnownFileType = sourcecode.swift; path = Deinflector.swift; sourceTree = "<group>"; };
		B82E94AC25663890004A6F85 /* DeinflectionRules.swift */ = {isa = PBXFileReference; fileEncoding = 4; lastKnownFileType = sourcecode.swift; path = DeinflectionRules.swift; sourceTree = "<group>"; };
		B82E94B2256643C2004A6F85 /* Tokenizer.swift */ = {isa = PBXFileReference; fileEncoding = 4; lastKnownFileType = sourcecode.swift; path = Tokenizer.swift; sourceTree = "<group>"; };
		B82E94B725664EA0004A6F85 /* FuriganaMaker.swift */ = {isa = PBXFileReference; fileEncoding = 4; lastKnownFileType = sourcecode.swift; path = FuriganaMaker.swift; sourceTree = "<group>"; };
		B82E94BC25665601004A6F85 /* PartOfSpeechMatcher.swift */ = {isa = PBXFileReference; fileEncoding = 4; lastKnownFileType = sourcecode.swift; path = PartOfSpeechMatcher.swift; sourceTree = "<group>"; };
		B82E94C6256658A8004A6F85 /* FuriganaMakerTests.swift */ = {isa = PBXFileReference; fileEncoding = 4; lastKnownFileType = sourcecode.swift; path = FuriganaMakerTests.swift; sourceTree = "<group>"; };
		B82E94C7256658A8004A6F85 /* TokenizerTests.swift */ = {isa = PBXFileReference; fileEncoding = 4; lastKnownFileType = sourcecode.swift; path = TokenizerTests.swift; sourceTree = "<group>"; };
		B82E94C8256658A8004A6F85 /* PartOfSpeechMatcherTests.swift */ = {isa = PBXFileReference; fileEncoding = 4; lastKnownFileType = sourcecode.swift; path = PartOfSpeechMatcherTests.swift; sourceTree = "<group>"; };
		B83F4B86256F49E60057CFC9 /* NovelDetailsViewModelTests.swift */ = {isa = PBXFileReference; lastKnownFileType = sourcecode.swift; path = NovelDetailsViewModelTests.swift; sourceTree = "<group>"; };
		B83F4B8B256F524D0057CFC9 /* XCTest+busyAssert.swift */ = {isa = PBXFileReference; lastKnownFileType = sourcecode.swift; path = "XCTest+busyAssert.swift"; sourceTree = "<group>"; };
		B83F4BAB256F88CC0057CFC9 /* ReaderViewModelTests.swift */ = {isa = PBXFileReference; lastKnownFileType = sourcecode.swift; path = ReaderViewModelTests.swift; sourceTree = "<group>"; };
		B844F2BC256119060097F5EF /* NovelDetailsModel.swift */ = {isa = PBXFileReference; lastKnownFileType = sourcecode.swift; path = NovelDetailsModel.swift; sourceTree = "<group>"; };
		B844F2C725611CD80097F5EF /* NovelDetailsModelTests.swift */ = {isa = PBXFileReference; lastKnownFileType = sourcecode.swift; path = NovelDetailsModelTests.swift; sourceTree = "<group>"; };
		B8462308250AF5A3002358A0 /* DictionaryParser.swift */ = {isa = PBXFileReference; lastKnownFileType = sourcecode.swift; path = DictionaryParser.swift; sourceTree = "<group>"; };
		B846482E2526CB5000D5A76D /* DictionaryFetcherTests.swift */ = {isa = PBXFileReference; lastKnownFileType = sourcecode.swift; path = DictionaryFetcherTests.swift; sourceTree = "<group>"; };
		B8539EE42519755A000FF025 /* DictionaryStorageManagerTests.swift */ = {isa = PBXFileReference; lastKnownFileType = sourcecode.swift; path = DictionaryStorageManagerTests.swift; sourceTree = "<group>"; };
		B860B7112518207800F48FBE /* JMdict_e.json.gz */ = {isa = PBXFileReference; lastKnownFileType = archive.gzip; path = JMdict_e.json.gz; sourceTree = "<group>"; };
		B86550CA255A08D800E4786F /* HistoryEntry+CoreDataProperties.swift */ = {isa = PBXFileReference; fileEncoding = 4; lastKnownFileType = sourcecode.swift; path = "HistoryEntry+CoreDataProperties.swift"; sourceTree = "<group>"; };
		B86550CB255A08D800E4786F /* HistorySection+CoreDataClass.swift */ = {isa = PBXFileReference; fileEncoding = 4; lastKnownFileType = sourcecode.swift; path = "HistorySection+CoreDataClass.swift"; sourceTree = "<group>"; };
		B86550CC255A08D800E4786F /* HistoryEntry+CoreDataClass.swift */ = {isa = PBXFileReference; fileEncoding = 4; lastKnownFileType = sourcecode.swift; path = "HistoryEntry+CoreDataClass.swift"; sourceTree = "<group>"; };
		B8667F0F2509C745001EABD4 /* AppView.swift */ = {isa = PBXFileReference; lastKnownFileType = sourcecode.swift; path = AppView.swift; sourceTree = "<group>"; };
		B8667F122509CA68001EABD4 /* SettingsView.swift */ = {isa = PBXFileReference; lastKnownFileType = sourcecode.swift; path = SettingsView.swift; sourceTree = "<group>"; };
		B87D30752516C537002E25FF /* DictionaryLanguageSource+CoreDataClass.swift */ = {isa = PBXFileReference; lastKnownFileType = sourcecode.swift; path = "DictionaryLanguageSource+CoreDataClass.swift"; sourceTree = "<group>"; };
		B87D30762516C537002E25FF /* DictionaryLanguageSource+CoreDataProperties.swift */ = {isa = PBXFileReference; lastKnownFileType = sourcecode.swift; path = "DictionaryLanguageSource+CoreDataProperties.swift"; sourceTree = "<group>"; };
		B880D138251810F20097AF8D /* SplashViewModel.swift */ = {isa = PBXFileReference; lastKnownFileType = sourcecode.swift; path = SplashViewModel.swift; sourceTree = "<group>"; };
		B8939B8325152ED0000399E0 /* DictionaryParserTestUtils.swift */ = {isa = PBXFileReference; lastKnownFileType = sourcecode.swift; path = DictionaryParserTestUtils.swift; sourceTree = "<group>"; };
		B8977923256626D400DF1B79 /* MecabWrapper.swift */ = {isa = PBXFileReference; fileEncoding = 4; lastKnownFileType = sourcecode.swift; path = MecabWrapper.swift; sourceTree = "<group>"; };
		B89810F7250F17210059F71F /* DictionaryStorageManager.swift */ = {isa = PBXFileReference; lastKnownFileType = sourcecode.swift; path = DictionaryStorageManager.swift; sourceTree = "<group>"; };
		B89810F9250F504E0059F71F /* TestUtils.swift */ = {isa = PBXFileReference; lastKnownFileType = sourcecode.swift; path = TestUtils.swift; sourceTree = "<group>"; };
		B898110A250F81600059F71F /* NSManagedObject+Init.swift */ = {isa = PBXFileReference; lastKnownFileType = sourcecode.swift; path = "NSManagedObject+Init.swift"; sourceTree = "<group>"; };
		B89CD68525098C0100D7D8ED /* DiscoverView.swift */ = {isa = PBXFileReference; lastKnownFileType = sourcecode.swift; path = DiscoverView.swift; sourceTree = "<group>"; };
		B89CD68D2509928800D7D8ED /* ReaderView.swift */ = {isa = PBXFileReference; lastKnownFileType = sourcecode.swift; path = ReaderView.swift; sourceTree = "<group>"; };
		B89CD6912509930100D7D8ED /* VocabularyListsView.swift */ = {isa = PBXFileReference; lastKnownFileType = sourcecode.swift; path = VocabularyListsView.swift; sourceTree = "<group>"; };
		B89CD6932509934700D7D8ED /* VocabularyListView.swift */ = {isa = PBXFileReference; lastKnownFileType = sourcecode.swift; path = VocabularyListView.swift; sourceTree = "<group>"; };
		B89CD6952509938C00D7D8ED /* VocabularyCardView.swift */ = {isa = PBXFileReference; lastKnownFileType = sourcecode.swift; path = VocabularyCardView.swift; sourceTree = "<group>"; };
		B89CD697250993F800D7D8ED /* DefinerView.swift */ = {isa = PBXFileReference; lastKnownFileType = sourcecode.swift; path = DefinerView.swift; sourceTree = "<group>"; };
		B89CD6992509944200D7D8ED /* MockCards.swift */ = {isa = PBXFileReference; lastKnownFileType = sourcecode.swift; path = MockCards.swift; sourceTree = "<group>"; };
		B8A5E50D2527BACE003BCF07 /* UtilsTests.swift */ = {isa = PBXFileReference; lastKnownFileType = sourcecode.swift; path = UtilsTests.swift; sourceTree = "<group>"; };
		B8A78F062542F26700577974 /* DiscoverList.swift */ = {isa = PBXFileReference; lastKnownFileType = sourcecode.swift; path = DiscoverList.swift; sourceTree = "<group>"; };
		B8A78F0B2542F27200577974 /* DiscoverListItem.swift */ = {isa = PBXFileReference; lastKnownFileType = sourcecode.swift; path = DiscoverListItem.swift; sourceTree = "<group>"; };
		B8ADEAB42570E0CC007C3D28 /* View+readSize.swift */ = {isa = PBXFileReference; lastKnownFileType = sourcecode.swift; path = "View+readSize.swift"; sourceTree = "<group>"; };
		B8ADEAB92570E205007C3D28 /* FlexView.swift */ = {isa = PBXFileReference; lastKnownFileType = sourcecode.swift; path = FlexView.swift; sourceTree = "<group>"; };
		B8B8F9902526C10400D6DF8B /* DictionaryFetcher.swift */ = {isa = PBXFileReference; lastKnownFileType = sourcecode.swift; path = DictionaryFetcher.swift; sourceTree = "<group>"; };
		B8C88D7B256F9FC0006CD768 /* DictionaryUtils.swift */ = {isa = PBXFileReference; fileEncoding = 4; lastKnownFileType = sourcecode.swift; path = DictionaryUtils.swift; sourceTree = "<group>"; };
		B8D041C025667C18003F1E05 /* DeinflectorTests.swift */ = {isa = PBXFileReference; fileEncoding = 4; lastKnownFileType = sourcecode.swift; path = DeinflectorTests.swift; sourceTree = "<group>"; };
		B8D456962508D1A2000F9E5F /* Reed.app */ = {isa = PBXFileReference; explicitFileType = wrapper.application; includeInIndex = 0; path = Reed.app; sourceTree = BUILT_PRODUCTS_DIR; };
		B8D456992508D1A2000F9E5F /* AppDelegate.swift */ = {isa = PBXFileReference; lastKnownFileType = sourcecode.swift; path = AppDelegate.swift; sourceTree = "<group>"; };
		B8D4569B2508D1A2000F9E5F /* SceneDelegate.swift */ = {isa = PBXFileReference; lastKnownFileType = sourcecode.swift; path = SceneDelegate.swift; sourceTree = "<group>"; };
		B8D4569E2508D1A2000F9E5F /* Reed.xcdatamodel */ = {isa = PBXFileReference; lastKnownFileType = wrapper.xcdatamodel; path = Reed.xcdatamodel; sourceTree = "<group>"; };
		B8D456A02508D1A2000F9E5F /* LibraryView.swift */ = {isa = PBXFileReference; lastKnownFileType = sourcecode.swift; path = LibraryView.swift; sourceTree = "<group>"; };
		B8D456A22508D1A2000F9E5F /* Assets.xcassets */ = {isa = PBXFileReference; lastKnownFileType = folder.assetcatalog; path = Assets.xcassets; sourceTree = "<group>"; };
		B8D456A52508D1A2000F9E5F /* Preview Assets.xcassets */ = {isa = PBXFileReference; lastKnownFileType = folder.assetcatalog; path = "Preview Assets.xcassets"; sourceTree = "<group>"; };
		B8D456AA2508D1A2000F9E5F /* Info.plist */ = {isa = PBXFileReference; lastKnownFileType = text.plist.xml; path = Info.plist; sourceTree = "<group>"; };
		B8D456AF2508D1A2000F9E5F /* ReedTests.xctest */ = {isa = PBXFileReference; explicitFileType = wrapper.cfbundle; includeInIndex = 0; path = ReedTests.xctest; sourceTree = BUILT_PRODUCTS_DIR; };
		B8D456B32508D1A2000F9E5F /* DictionaryParserTests.swift */ = {isa = PBXFileReference; lastKnownFileType = sourcecode.swift; path = DictionaryParserTests.swift; sourceTree = "<group>"; };
		B8D456B52508D1A2000F9E5F /* Info.plist */ = {isa = PBXFileReference; lastKnownFileType = text.plist.xml; path = Info.plist; sourceTree = "<group>"; };
		B8D456BA2508D1A3000F9E5F /* ReedUITests.xctest */ = {isa = PBXFileReference; explicitFileType = wrapper.cfbundle; includeInIndex = 0; path = ReedUITests.xctest; sourceTree = BUILT_PRODUCTS_DIR; };
		B8D456BE2508D1A3000F9E5F /* ReedUITests.swift */ = {isa = PBXFileReference; lastKnownFileType = sourcecode.swift; path = ReedUITests.swift; sourceTree = "<group>"; };
		B8D456C02508D1A3000F9E5F /* Info.plist */ = {isa = PBXFileReference; lastKnownFileType = text.plist.xml; path = Info.plist; sourceTree = "<group>"; };
		B8D456D52508DD24000F9E5F /* LibraryEntryView.swift */ = {isa = PBXFileReference; lastKnownFileType = sourcecode.swift; path = LibraryEntryView.swift; sourceTree = "<group>"; };
		B8D91017B089018BE0AEBA19 /* Pods-Reed.debug.xcconfig */ = {isa = PBXFileReference; includeInIndex = 1; lastKnownFileType = text.xcconfig; name = "Pods-Reed.debug.xcconfig"; path = "Target Support Files/Pods-Reed/Pods-Reed.debug.xcconfig"; sourceTree = "<group>"; };
		B8E25AC42564D164007B492E /* ReaderModel.swift */ = {isa = PBXFileReference; lastKnownFileType = sourcecode.swift; path = ReaderModel.swift; sourceTree = "<group>"; };
		B8E25AC9256505F3007B492E /* Utils.swift */ = {isa = PBXFileReference; lastKnownFileType = sourcecode.swift; path = Utils.swift; sourceTree = "<group>"; };
		B8E25B8C25661B97007B492E /* Reed-Bridging-Header.h */ = {isa = PBXFileReference; lastKnownFileType = sourcecode.c.h; path = "Reed-Bridging-Header.h"; sourceTree = "<group>"; };
		B8F04A882517F07500405599 /* SplashView.swift */ = {isa = PBXFileReference; lastKnownFileType = sourcecode.swift; path = SplashView.swift; sourceTree = "<group>"; };
		B8F5C209250EDDB2000810F8 /* DictionaryEntry+CoreDataClass.swift */ = {isa = PBXFileReference; lastKnownFileType = sourcecode.swift; path = "DictionaryEntry+CoreDataClass.swift"; sourceTree = "<group>"; };
		B8F5C20A250EDDB2000810F8 /* DictionaryEntry+CoreDataProperties.swift */ = {isa = PBXFileReference; lastKnownFileType = sourcecode.swift; path = "DictionaryEntry+CoreDataProperties.swift"; sourceTree = "<group>"; };
		B8F5C20B250EDDB2000810F8 /* DictionaryReading+CoreDataClass.swift */ = {isa = PBXFileReference; lastKnownFileType = sourcecode.swift; path = "DictionaryReading+CoreDataClass.swift"; sourceTree = "<group>"; };
		B8F5C20C250EDDB2000810F8 /* DictionaryReading+CoreDataProperties.swift */ = {isa = PBXFileReference; lastKnownFileType = sourcecode.swift; path = "DictionaryReading+CoreDataProperties.swift"; sourceTree = "<group>"; };
		B8F5C211250EDEEB000810F8 /* DictionaryDefinition+CoreDataClass.swift */ = {isa = PBXFileReference; lastKnownFileType = sourcecode.swift; path = "DictionaryDefinition+CoreDataClass.swift"; sourceTree = "<group>"; };
		B8F5C212250EDEEB000810F8 /* DictionaryDefinition+CoreDataProperties.swift */ = {isa = PBXFileReference; lastKnownFileType = sourcecode.swift; path = "DictionaryDefinition+CoreDataProperties.swift"; sourceTree = "<group>"; };
		B8F5C213250EDEEB000810F8 /* DictionaryTerm+CoreDataClass.swift */ = {isa = PBXFileReference; lastKnownFileType = sourcecode.swift; path = "DictionaryTerm+CoreDataClass.swift"; sourceTree = "<group>"; };
		B8F5C214250EDEEB000810F8 /* DictionaryTerm+CoreDataProperties.swift */ = {isa = PBXFileReference; lastKnownFileType = sourcecode.swift; path = "DictionaryTerm+CoreDataProperties.swift"; sourceTree = "<group>"; };
		B8FA12602550B1E300ABE1D3 /* DiscoverTabConstants.swift */ = {isa = PBXFileReference; lastKnownFileType = sourcecode.swift; path = DiscoverTabConstants.swift; sourceTree = "<group>"; };
		B8FA93B0254BAEEC00AE362C /* NovelDetailsViewModel.swift */ = {isa = PBXFileReference; lastKnownFileType = sourcecode.swift; path = NovelDetailsViewModel.swift; sourceTree = "<group>"; };
		B8FA93B8254BB08F00AE362C /* NovelDetailsView.swift */ = {isa = PBXFileReference; lastKnownFileType = sourcecode.swift; path = NovelDetailsView.swift; sourceTree = "<group>"; };
		B8FA93BD254BBE0D00AE362C /* NavigationLazyView.swift */ = {isa = PBXFileReference; lastKnownFileType = sourcecode.swift; path = NavigationLazyView.swift; sourceTree = "<group>"; };
/* End PBXFileReference section */

/* Begin PBXFrameworksBuildPhase section */
		B8D456932508D1A2000F9E5F /* Frameworks */ = {
			isa = PBXFrameworksBuildPhase;
			buildActionMask = 2147483647;
			files = (
				AB7A1C88AECCC47C55B834C9 /* libPods-Reed.a in Frameworks */,
			);
			runOnlyForDeploymentPostprocessing = 0;
		};
		B8D456AC2508D1A2000F9E5F /* Frameworks */ = {
			isa = PBXFrameworksBuildPhase;
			buildActionMask = 2147483647;
			files = (
				8AFA1B8EBEB7590252ECB58B /* libPods-ReedTests.a in Frameworks */,
				535DAAFAD261F3FD515DE20D /* libPods-ReedTests.a in Frameworks */,
			);
			runOnlyForDeploymentPostprocessing = 0;
		};
		B8D456B72508D1A3000F9E5F /* Frameworks */ = {
			isa = PBXFrameworksBuildPhase;
			buildActionMask = 2147483647;
			files = (
			);
			runOnlyForDeploymentPostprocessing = 0;
		};
/* End PBXFrameworksBuildPhase section */

/* Begin PBXGroup section */
		11B445F670F7250173F5030B /* Frameworks */ = {
			isa = PBXGroup;
			children = (
				94F3E3D17D6E8ABD1BBAC599 /* libPods-Reed.a */,
				7FED962AB0C24D51C5D53286 /* libPods-ReedTests.a */,
				2B202909C8BC7C48879B3AFF /* libPods-ReedTests.a */,
			);
			name = Frameworks;
			sourceTree = "<group>";
		};
		6D86DA41255DB9D100806E12 /* Definer */ = {
			isa = PBXGroup;
			children = (
				6D86DA43255DBA1A00806E12 /* views */,
			);
			path = Definer;
			sourceTree = "<group>";
		};
		6D86DA43255DBA1A00806E12 /* views */ = {
			isa = PBXGroup;
			children = (
				B89CD697250993F800D7D8ED /* DefinerView.swift */,
				6D129859256E1BB500E873F4 /* DefinerTab.swift */,
			);
			path = views;
			sourceTree = "<group>";
		};
		6D8D5337252DB083001FA054 /* viewmodels */ = {
			isa = PBXGroup;
			children = (
				6DCF77DA252DB19B00CB3C5D /* ReaderViewModel.swift */,
			);
			path = viewmodels;
			sourceTree = "<group>";
		};
		AF0496628FC517FF3A2B0A80 /* Pods */ = {
			isa = PBXGroup;
			children = (
				B8D91017B089018BE0AEBA19 /* Pods-Reed.debug.xcconfig */,
				05F6AF7D4822634DEDD39684 /* Pods-Reed.release.xcconfig */,
				09D60999940D335A7D74D917 /* Pods-ReedTests.debug.xcconfig */,
				4C9134A1E97C7A555EA7B8DB /* Pods-ReedTests.release.xcconfig */,
			);
			path = Pods;
			sourceTree = "<group>";
		};
		B80F45BA25411110004F8A22 /* viewmodels */ = {
			isa = PBXGroup;
			children = (
				B80F45BB25411271004F8A22 /* DiscoverListViewModel.swift */,
				B82D3D99254D2E7700F06836 /* CategoryButtonsViewModel.swift */,
			);
			path = viewmodels;
			sourceTree = "<group>";
		};
		B81C86FB250A005C000B9E5F /* viewmodels */ = {
			isa = PBXGroup;
			children = (
				B81C86FC250A1370000B9E5F /* LibraryViewModel.swift */,
				B81C86FE250A2207000B9E5F /* LibraryEntryViewModel.swift */,
			);
			path = viewmodels;
			sourceTree = "<group>";
		};
		B81C8700250A365F000B9E5F /* models */ = {
			isa = PBXGroup;
			children = (
				B86550CC255A08D800E4786F /* HistoryEntry+CoreDataClass.swift */,
				B86550CA255A08D800E4786F /* HistoryEntry+CoreDataProperties.swift */,
				B86550CB255A08D800E4786F /* HistorySection+CoreDataClass.swift */,
				6D1298ED257239E400E873F4 /* HistorySection+CoreDataProperties.swift */,
			);
			path = models;
			sourceTree = "<group>";
		};
		B82AF5D92548015B00FAB2A8 /* Components */ = {
			isa = PBXGroup;
			children = (
				B82AF5FB2548031F00FAB2A8 /* SearchBar.swift */,
				B8FA93BD254BBE0D00AE362C /* NavigationLazyView.swift */,
				6D9EC86625723B8B00CD4833 /* DefinableTextView.swift */,
				6D4F99B72556A0C900CC0DF6 /* BottomSheetView.swift */,
				B82AF5FC2548031F00FAB2A8 /* ViewControllerResolver.swift */,
				B82AF5DC2548015B00FAB2A8 /* View+UIKitComponents.swift */,
				B8ADEAB92570E205007C3D28 /* FlexView.swift */,
			);
			path = Components;
			sourceTree = "<group>";
		};
		B82AF63F2548148100FAB2A8 /* SearchView */ = {
			isa = PBXGroup;
			children = (
				B85951092549599C0057BAB0 /* viewmodels */,
				B82AF6422548148100FAB2A8 /* views */,
			);
			path = SearchView;
			sourceTree = "<group>";
		};
		B82AF6422548148100FAB2A8 /* views */ = {
			isa = PBXGroup;
			children = (
				B80E0E6A25497E13009B0EE8 /* SearchResults.swift */,
				B82AF6442548148100FAB2A8 /* SearchHistory.swift */,
			);
			path = views;
			sourceTree = "<group>";
		};
		B82E94C4256658A8004A6F85 /* Tokenizer */ = {
			isa = PBXGroup;
			children = (
				B8D041C025667C18003F1E05 /* DeinflectorTests.swift */,
				B82E94C6256658A8004A6F85 /* FuriganaMakerTests.swift */,
				B82E94C7256658A8004A6F85 /* TokenizerTests.swift */,
				B82E94C8256658A8004A6F85 /* PartOfSpeechMatcherTests.swift */,
			);
			name = Tokenizer;
			path = ReedTests/Tokenizer;
			sourceTree = SOURCE_ROOT;
		};
		B83F4BAA256F88C10057CFC9 /* Reader */ = {
			isa = PBXGroup;
			children = (
				B83F4BAB256F88CC0057CFC9 /* ReaderViewModelTests.swift */,
			);
			path = Reader;
			sourceTree = "<group>";
		};
		B844F2A22560B9480097F5EF /* NovelDetails */ = {
			isa = PBXGroup;
			children = (
				B844F2C725611CD80097F5EF /* NovelDetailsModelTests.swift */,
				B83F4B86256F49E60057CFC9 /* NovelDetailsViewModelTests.swift */,
			);
			path = NovelDetails;
			sourceTree = "<group>";
		};
		B844F2BB256118F40097F5EF /* models */ = {
			isa = PBXGroup;
			children = (
				B844F2BC256119060097F5EF /* NovelDetailsModel.swift */,
			);
			path = models;
			sourceTree = "<group>";
		};
		B8462307250AF4E4002358A0 /* Dictionary */ = {
			isa = PBXGroup;
			children = (
				B8B8F9952526C28E00D6DF8B /* CoreData */,
				B8B8F9902526C10400D6DF8B /* DictionaryFetcher.swift */,
				B8462308250AF5A3002358A0 /* DictionaryParser.swift */,
				B89810F7250F17210059F71F /* DictionaryStorageManager.swift */,
				B8093DD5251A988200D95DCF /* NotificationName+DictionaryParser.swift */,
				B8C88D7B256F9FC0006CD768 /* DictionaryUtils.swift */,
				B860B7112518207800F48FBE /* JMdict_e.json.gz */,
			);
			path = Dictionary;
			sourceTree = "<group>";
		};
		B85951092549599C0057BAB0 /* viewmodels */ = {
			isa = PBXGroup;
			children = (
				B82AF65D2548187200FAB2A8 /* DiscoverSearchViewModel.swift */,
				B80E0E6F25497EBA009B0EE8 /* DiscoverSearchResultsViewModel.swift */,
			);
			path = viewmodels;
			sourceTree = "<group>";
		};
		B8667F112509CA5D001EABD4 /* views */ = {
			isa = PBXGroup;
			children = (
				B8667F122509CA68001EABD4 /* SettingsView.swift */,
			);
			path = views;
			sourceTree = "<group>";
		};
		B880D135251810C90097AF8D /* SplashScreen */ = {
			isa = PBXGroup;
			children = (
				B8F04A882517F07500405599 /* SplashView.swift */,
				B880D138251810F20097AF8D /* SplashViewModel.swift */,
			);
			path = SplashScreen;
			sourceTree = "<group>";
		};
		B8977921256626D400DF1B79 /* Tokenizer */ = {
			isa = PBXGroup;
			children = (
				B82E94BC25665601004A6F85 /* PartOfSpeechMatcher.swift */,
				B82E94B725664EA0004A6F85 /* FuriganaMaker.swift */,
				B82E94B2256643C2004A6F85 /* Tokenizer.swift */,
				B82E94AC25663890004A6F85 /* DeinflectionRules.swift */,
				B82E94AB25663890004A6F85 /* Deinflector.swift */,
				B8977923256626D400DF1B79 /* MecabWrapper.swift */,
				B82E949225662E98004A6F85 /* PartOfSpeech.swift */,
				B82E94A32566332D004A6F85 /* MecabWordNode.swift */,
			);
			path = Tokenizer;
			sourceTree = "<group>";
		};
		B8981109250F803F0059F71F /* Extensions */ = {
			isa = PBXGroup;
			children = (
				B8ADEAB42570E0CC007C3D28 /* View+readSize.swift */,
				B898110A250F81600059F71F /* NSManagedObject+Init.swift */,
				B80E0E74254A225B009B0EE8 /* UINavigationController+UIGestureRecognizerDelegate.swift */,
			);
			path = Extensions;
			sourceTree = "<group>";
		};
		B89AB0DD2544857F001FC480 /* DiscoverView */ = {
			isa = PBXGroup;
			children = (
				B80F45BA25411110004F8A22 /* viewmodels */,
				B89AB0DE25448591001FC480 /* views */,
			);
			path = DiscoverView;
			sourceTree = "<group>";
		};
		B89AB0DE25448591001FC480 /* views */ = {
			isa = PBXGroup;
			children = (
				B8A78F062542F26700577974 /* DiscoverList.swift */,
				B82D3D94254D2DA200F06836 /* CategoryButtons.swift */,
			);
			path = views;
			sourceTree = "<group>";
		};
		B89CD68725098FD600D7D8ED /* models */ = {
			isa = PBXGroup;
			children = (
				B8E25AC42564D164007B492E /* ReaderModel.swift */,
			);
			path = models;
			sourceTree = "<group>";
		};
		B89CD68C2509927C00D7D8ED /* views */ = {
			isa = PBXGroup;
			children = (
				B89CD68D2509928800D7D8ED /* ReaderView.swift */,
			);
			path = views;
			sourceTree = "<group>";
		};
		B89CD68F250992DD00D7D8ED /* models */ = {
			isa = PBXGroup;
			children = (
				B89CD6992509944200D7D8ED /* MockCards.swift */,
			);
			path = models;
			sourceTree = "<group>";
		};
		B89CD690250992E800D7D8ED /* views */ = {
			isa = PBXGroup;
			children = (
				B89CD6912509930100D7D8ED /* VocabularyListsView.swift */,
				B89CD6932509934700D7D8ED /* VocabularyListView.swift */,
				B89CD6952509938C00D7D8ED /* VocabularyCardView.swift */,
			);
			path = views;
			sourceTree = "<group>";
		};
		B8B8F9952526C28E00D6DF8B /* CoreData */ = {
			isa = PBXGroup;
			children = (
				B8F5C209250EDDB2000810F8 /* DictionaryEntry+CoreDataClass.swift */,
				B8F5C20A250EDDB2000810F8 /* DictionaryEntry+CoreDataProperties.swift */,
				B8F5C213250EDEEB000810F8 /* DictionaryTerm+CoreDataClass.swift */,
				B8F5C214250EDEEB000810F8 /* DictionaryTerm+CoreDataProperties.swift */,
				B8F5C20B250EDDB2000810F8 /* DictionaryReading+CoreDataClass.swift */,
				B8F5C20C250EDDB2000810F8 /* DictionaryReading+CoreDataProperties.swift */,
				B8F5C211250EDEEB000810F8 /* DictionaryDefinition+CoreDataClass.swift */,
				B8F5C212250EDEEB000810F8 /* DictionaryDefinition+CoreDataProperties.swift */,
				B87D30752516C537002E25FF /* DictionaryLanguageSource+CoreDataClass.swift */,
				B87D30762516C537002E25FF /* DictionaryLanguageSource+CoreDataProperties.swift */,
			);
			path = CoreData;
			sourceTree = "<group>";
		};
		B8D4568D2508D1A2000F9E5F = {
			isa = PBXGroup;
			children = (
				B8D456982508D1A2000F9E5F /* Reed */,
				B8D456B22508D1A2000F9E5F /* ReedTests */,
				B8D456BD2508D1A3000F9E5F /* ReedUITests */,
				B8D456972508D1A2000F9E5F /* Products */,
				AF0496628FC517FF3A2B0A80 /* Pods */,
				11B445F670F7250173F5030B /* Frameworks */,
			);
			sourceTree = "<group>";
		};
		B8D456972508D1A2000F9E5F /* Products */ = {
			isa = PBXGroup;
			children = (
				B8D456962508D1A2000F9E5F /* Reed.app */,
				B8D456AF2508D1A2000F9E5F /* ReedTests.xctest */,
				B8D456BA2508D1A3000F9E5F /* ReedUITests.xctest */,
			);
			name = Products;
			sourceTree = "<group>";
		};
		B8D456982508D1A2000F9E5F /* Reed */ = {
			isa = PBXGroup;
			children = (
				B8D456AA2508D1A2000F9E5F /* Info.plist */,
				B8D456CC2508D2E3000F9E5F /* Main */,
				B82AF5D92548015B00FAB2A8 /* Components */,
				B8977921256626D400DF1B79 /* Tokenizer */,
				B8981109250F803F0059F71F /* Extensions */,
				B8462307250AF4E4002358A0 /* Dictionary */,
				B880D135251810C90097AF8D /* SplashScreen */,
				B8D456CF2508D8D7000F9E5F /* CardsTab */,
				B8D456D02508D8DD000F9E5F /* DiscoverTab */,
				B8D456CD2508D349000F9E5F /* LibraryTab */,
				B8FA93AD254BAD4800AE362C /* NovelDetails */,
				B8D456CE2508D8D3000F9E5F /* Reader */,
				6D86DA41255DB9D100806E12 /* Definer */,
				B8D456D12508D8E4000F9E5F /* SettingsTab */,
				B8D456A42508D1A2000F9E5F /* Preview Content */,
			);
			path = Reed;
			sourceTree = "<group>";
		};
		B8D456A42508D1A2000F9E5F /* Preview Content */ = {
			isa = PBXGroup;
			children = (
				B8D456A52508D1A2000F9E5F /* Preview Assets.xcassets */,
			);
			path = "Preview Content";
			sourceTree = "<group>";
		};
		B8D456B22508D1A2000F9E5F /* ReedTests */ = {
			isa = PBXGroup;
			children = (
				B82E94C4256658A8004A6F85 /* Tokenizer */,
				B83F4BAA256F88C10057CFC9 /* Reader */,
				B844F2A22560B9480097F5EF /* NovelDetails */,
				B8F5C219250EF78E000810F8 /* Dictionary */,
				B8D456B52508D1A2000F9E5F /* Info.plist */,
				B89810F9250F504E0059F71F /* TestUtils.swift */,
				B83F4B8B256F524D0057CFC9 /* XCTest+busyAssert.swift */,
			);
			path = ReedTests;
			sourceTree = "<group>";
		};
		B8D456BD2508D1A3000F9E5F /* ReedUITests */ = {
			isa = PBXGroup;
			children = (
				B8D456BE2508D1A3000F9E5F /* ReedUITests.swift */,
				B8D456C02508D1A3000F9E5F /* Info.plist */,
			);
			path = ReedUITests;
			sourceTree = "<group>";
		};
		B8D456CC2508D2E3000F9E5F /* Main */ = {
			isa = PBXGroup;
			children = (
				B8667F0F2509C745001EABD4 /* AppView.swift */,
				B8D456992508D1A2000F9E5F /* AppDelegate.swift */,
				B8D4569B2508D1A2000F9E5F /* SceneDelegate.swift */,
				B8E25AC9256505F3007B492E /* Utils.swift */,
				B8D4569D2508D1A2000F9E5F /* Reed.xcdatamodeld */,
				B8E25B8C25661B97007B492E /* Reed-Bridging-Header.h */,
				B8D456A22508D1A2000F9E5F /* Assets.xcassets */,
			);
			path = Main;
			sourceTree = "<group>";
		};
		B8D456CD2508D349000F9E5F /* LibraryTab */ = {
			isa = PBXGroup;
			children = (
				B81C8700250A365F000B9E5F /* models */,
				B81C86FB250A005C000B9E5F /* viewmodels */,
				B8D456D22508DCB7000F9E5F /* views */,
			);
			path = LibraryTab;
			sourceTree = "<group>";
		};
		B8D456CE2508D8D3000F9E5F /* Reader */ = {
			isa = PBXGroup;
			children = (
				B89CD68725098FD600D7D8ED /* models */,
				6D8D5337252DB083001FA054 /* viewmodels */,
				B89CD68C2509927C00D7D8ED /* views */,
			);
			path = Reader;
			sourceTree = "<group>";
		};
		B8D456CF2508D8D7000F9E5F /* CardsTab */ = {
			isa = PBXGroup;
			children = (
				B89CD68F250992DD00D7D8ED /* models */,
				B89CD690250992E800D7D8ED /* views */,
			);
			path = CardsTab;
			sourceTree = "<group>";
		};
		B8D456D02508D8DD000F9E5F /* DiscoverTab */ = {
			isa = PBXGroup;
			children = (
				B89CD68525098C0100D7D8ED /* DiscoverView.swift */,
				B8A78F0B2542F27200577974 /* DiscoverListItem.swift */,
				B80CBD262542887700C807CD /* DiscoverListItemViewModel.swift */,
				B89AB0DD2544857F001FC480 /* DiscoverView */,
				B82AF63F2548148100FAB2A8 /* SearchView */,
				B8FA12602550B1E300ABE1D3 /* DiscoverTabConstants.swift */,
			);
			path = DiscoverTab;
			sourceTree = "<group>";
		};
		B8D456D12508D8E4000F9E5F /* SettingsTab */ = {
			isa = PBXGroup;
			children = (
				B8667F112509CA5D001EABD4 /* views */,
			);
			path = SettingsTab;
			sourceTree = "<group>";
		};
		B8D456D22508DCB7000F9E5F /* views */ = {
			isa = PBXGroup;
			children = (
				B8D456D52508DD24000F9E5F /* LibraryEntryView.swift */,
				B8D456A02508D1A2000F9E5F /* LibraryView.swift */,
			);
			path = views;
			sourceTree = "<group>";
		};
		B8F5C219250EF78E000810F8 /* Dictionary */ = {
			isa = PBXGroup;
			children = (
				B8D456B32508D1A2000F9E5F /* DictionaryParserTests.swift */,
				B8539EE42519755A000FF025 /* DictionaryStorageManagerTests.swift */,
				B8939B8325152ED0000399E0 /* DictionaryParserTestUtils.swift */,
				B846482E2526CB5000D5A76D /* DictionaryFetcherTests.swift */,
				B8A5E50D2527BACE003BCF07 /* UtilsTests.swift */,
			);
			path = Dictionary;
			sourceTree = "<group>";
		};
		B8FA93AD254BAD4800AE362C /* NovelDetails */ = {
			isa = PBXGroup;
			children = (
				B844F2BB256118F40097F5EF /* models */,
				B8FA93AF254BAED900AE362C /* viewmodels */,
				B8FA93AE254BAED000AE362C /* views */,
			);
			path = NovelDetails;
			sourceTree = "<group>";
		};
		B8FA93AE254BAED000AE362C /* views */ = {
			isa = PBXGroup;
			children = (
				B8FA93B8254BB08F00AE362C /* NovelDetailsView.swift */,
			);
			path = views;
			sourceTree = "<group>";
		};
		B8FA93AF254BAED900AE362C /* viewmodels */ = {
			isa = PBXGroup;
			children = (
				B8FA93B0254BAEEC00AE362C /* NovelDetailsViewModel.swift */,
			);
			path = viewmodels;
			sourceTree = "<group>";
		};
/* End PBXGroup section */

/* Begin PBXNativeTarget section */
		B8D456952508D1A2000F9E5F /* Reed */ = {
			isa = PBXNativeTarget;
			buildConfigurationList = B8D456C32508D1A3000F9E5F /* Build configuration list for PBXNativeTarget "Reed" */;
			buildPhases = (
				87957500889C5C5980C40661 /* [CP] Check Pods Manifest.lock */,
				B8D456922508D1A2000F9E5F /* Sources */,
				B8D456932508D1A2000F9E5F /* Frameworks */,
				B8D456942508D1A2000F9E5F /* Resources */,
				52D36624D4AE9A6A24A902BD /* [CP] Copy Pods Resources */,
			);
			buildRules = (
			);
			dependencies = (
			);
			name = Reed;
			productName = Reed;
			productReference = B8D456962508D1A2000F9E5F /* Reed.app */;
			productType = "com.apple.product-type.application";
		};
		B8D456AE2508D1A2000F9E5F /* ReedTests */ = {
			isa = PBXNativeTarget;
			buildConfigurationList = B8D456C62508D1A3000F9E5F /* Build configuration list for PBXNativeTarget "ReedTests" */;
			buildPhases = (
				2D913E19A063F5CFDEB6A0E8 /* [CP] Check Pods Manifest.lock */,
				B8D456AB2508D1A2000F9E5F /* Sources */,
				B8D456AC2508D1A2000F9E5F /* Frameworks */,
				B8D456AD2508D1A2000F9E5F /* Resources */,
			);
			buildRules = (
			);
			dependencies = (
				B8D456B12508D1A2000F9E5F /* PBXTargetDependency */,
			);
			name = ReedTests;
			productName = ReedTests;
			productReference = B8D456AF2508D1A2000F9E5F /* ReedTests.xctest */;
			productType = "com.apple.product-type.bundle.unit-test";
		};
		B8D456B92508D1A3000F9E5F /* ReedUITests */ = {
			isa = PBXNativeTarget;
			buildConfigurationList = B8D456C92508D1A3000F9E5F /* Build configuration list for PBXNativeTarget "ReedUITests" */;
			buildPhases = (
				B8D456B62508D1A3000F9E5F /* Sources */,
				B8D456B72508D1A3000F9E5F /* Frameworks */,
				B8D456B82508D1A3000F9E5F /* Resources */,
			);
			buildRules = (
			);
			dependencies = (
				B8D456BC2508D1A3000F9E5F /* PBXTargetDependency */,
			);
			name = ReedUITests;
			productName = ReedUITests;
			productReference = B8D456BA2508D1A3000F9E5F /* ReedUITests.xctest */;
			productType = "com.apple.product-type.bundle.ui-testing";
		};
/* End PBXNativeTarget section */

/* Begin PBXProject section */
		B8D4568E2508D1A2000F9E5F /* Project object */ = {
			isa = PBXProject;
			attributes = {
				LastSwiftUpdateCheck = 1130;
				LastUpgradeCheck = 1200;
				ORGANIZATIONNAME = "Roger Luo";
				TargetAttributes = {
					B8D456952508D1A2000F9E5F = {
						CreatedOnToolsVersion = 11.3.1;
						LastSwiftMigration = 1210;
					};
					B8D456AE2508D1A2000F9E5F = {
						CreatedOnToolsVersion = 11.3.1;
						TestTargetID = B8D456952508D1A2000F9E5F;
					};
					B8D456B92508D1A3000F9E5F = {
						CreatedOnToolsVersion = 11.3.1;
						TestTargetID = B8D456952508D1A2000F9E5F;
					};
				};
			};
			buildConfigurationList = B8D456912508D1A2000F9E5F /* Build configuration list for PBXProject "Reed" */;
			compatibilityVersion = "Xcode 9.3";
			developmentRegion = en;
			hasScannedForEncodings = 0;
			knownRegions = (
				en,
				Base,
			);
			mainGroup = B8D4568D2508D1A2000F9E5F;
			productRefGroup = B8D456972508D1A2000F9E5F /* Products */;
			projectDirPath = "";
			projectRoot = "";
			targets = (
				B8D456952508D1A2000F9E5F /* Reed */,
				B8D456AE2508D1A2000F9E5F /* ReedTests */,
				B8D456B92508D1A3000F9E5F /* ReedUITests */,
			);
		};
/* End PBXProject section */

/* Begin PBXResourcesBuildPhase section */
		B8D456942508D1A2000F9E5F /* Resources */ = {
			isa = PBXResourcesBuildPhase;
			buildActionMask = 2147483647;
			files = (
				B8D456A62508D1A2000F9E5F /* Preview Assets.xcassets in Resources */,
				B860B7122518207900F48FBE /* JMdict_e.json.gz in Resources */,
				B8D456A32508D1A2000F9E5F /* Assets.xcassets in Resources */,
			);
			runOnlyForDeploymentPostprocessing = 0;
		};
		B8D456AD2508D1A2000F9E5F /* Resources */ = {
			isa = PBXResourcesBuildPhase;
			buildActionMask = 2147483647;
			files = (
			);
			runOnlyForDeploymentPostprocessing = 0;
		};
		B8D456B82508D1A3000F9E5F /* Resources */ = {
			isa = PBXResourcesBuildPhase;
			buildActionMask = 2147483647;
			files = (
			);
			runOnlyForDeploymentPostprocessing = 0;
		};
/* End PBXResourcesBuildPhase section */

/* Begin PBXShellScriptBuildPhase section */
		2D913E19A063F5CFDEB6A0E8 /* [CP] Check Pods Manifest.lock */ = {
			isa = PBXShellScriptBuildPhase;
			buildActionMask = 2147483647;
			files = (
			);
			inputFileListPaths = (
			);
			inputPaths = (
				"${PODS_PODFILE_DIR_PATH}/Podfile.lock",
				"${PODS_ROOT}/Manifest.lock",
			);
			name = "[CP] Check Pods Manifest.lock";
			outputFileListPaths = (
			);
			outputPaths = (
				"$(DERIVED_FILE_DIR)/Pods-ReedTests-checkManifestLockResult.txt",
			);
			runOnlyForDeploymentPostprocessing = 0;
			shellPath = /bin/sh;
			shellScript = "diff \"${PODS_PODFILE_DIR_PATH}/Podfile.lock\" \"${PODS_ROOT}/Manifest.lock\" > /dev/null\nif [ $? != 0 ] ; then\n    # print error to STDERR\n    echo \"error: The sandbox is not in sync with the Podfile.lock. Run 'pod install' or update your CocoaPods installation.\" >&2\n    exit 1\nfi\n# This output is used by Xcode 'outputs' to avoid re-running this script phase.\necho \"SUCCESS\" > \"${SCRIPT_OUTPUT_FILE_0}\"\n";
			showEnvVarsInLog = 0;
		};
		52D36624D4AE9A6A24A902BD /* [CP] Copy Pods Resources */ = {
			isa = PBXShellScriptBuildPhase;
			buildActionMask = 2147483647;
			files = (
			);
			inputFileListPaths = (
				"${PODS_ROOT}/Target Support Files/Pods-Reed/Pods-Reed-resources-${CONFIGURATION}-input-files.xcfilelist",
			);
			name = "[CP] Copy Pods Resources";
			outputFileListPaths = (
				"${PODS_ROOT}/Target Support Files/Pods-Reed/Pods-Reed-resources-${CONFIGURATION}-output-files.xcfilelist",
			);
			runOnlyForDeploymentPostprocessing = 0;
			shellPath = /bin/sh;
			shellScript = "\"${PODS_ROOT}/Target Support Files/Pods-Reed/Pods-Reed-resources.sh\"\n";
			showEnvVarsInLog = 0;
		};
		87957500889C5C5980C40661 /* [CP] Check Pods Manifest.lock */ = {
			isa = PBXShellScriptBuildPhase;
			buildActionMask = 2147483647;
			files = (
			);
			inputFileListPaths = (
			);
			inputPaths = (
				"${PODS_PODFILE_DIR_PATH}/Podfile.lock",
				"${PODS_ROOT}/Manifest.lock",
			);
			name = "[CP] Check Pods Manifest.lock";
			outputFileListPaths = (
			);
			outputPaths = (
				"$(DERIVED_FILE_DIR)/Pods-Reed-checkManifestLockResult.txt",
			);
			runOnlyForDeploymentPostprocessing = 0;
			shellPath = /bin/sh;
			shellScript = "diff \"${PODS_PODFILE_DIR_PATH}/Podfile.lock\" \"${PODS_ROOT}/Manifest.lock\" > /dev/null\nif [ $? != 0 ] ; then\n    # print error to STDERR\n    echo \"error: The sandbox is not in sync with the Podfile.lock. Run 'pod install' or update your CocoaPods installation.\" >&2\n    exit 1\nfi\n# This output is used by Xcode 'outputs' to avoid re-running this script phase.\necho \"SUCCESS\" > \"${SCRIPT_OUTPUT_FILE_0}\"\n";
			showEnvVarsInLog = 0;
		};
/* End PBXShellScriptBuildPhase section */

/* Begin PBXSourcesBuildPhase section */
		B8D456922508D1A2000F9E5F /* Sources */ = {
			isa = PBXSourcesBuildPhase;
			buildActionMask = 2147483647;
			files = (
				B8ADEABA2570E205007C3D28 /* FlexView.swift in Sources */,
				B86550CF255A08D800E4786F /* HistoryEntry+CoreDataClass.swift in Sources */,
				B8F5C20E250EDDB2000810F8 /* DictionaryEntry+CoreDataProperties.swift in Sources */,
				B8F5C20F250EDDB2000810F8 /* DictionaryReading+CoreDataClass.swift in Sources */,
				B80E0E6B25497E13009B0EE8 /* SearchResults.swift in Sources */,
				B82E94AE25663890004A6F85 /* DeinflectionRules.swift in Sources */,
				B8F5C215250EDEEB000810F8 /* DictionaryDefinition+CoreDataClass.swift in Sources */,
				B8E25ACA256505F3007B492E /* Utils.swift in Sources */,
				B89CD6922509930100D7D8ED /* VocabularyListsView.swift in Sources */,
				B87D30772516C537002E25FF /* DictionaryLanguageSource+CoreDataClass.swift in Sources */,
				B8F5C217250EDEEB000810F8 /* DictionaryTerm+CoreDataClass.swift in Sources */,
				B80E0E75254A225B009B0EE8 /* UINavigationController+UIGestureRecognizerDelegate.swift in Sources */,
				B89CD68E2509928800D7D8ED /* ReaderView.swift in Sources */,
				B8D4569A2508D1A2000F9E5F /* AppDelegate.swift in Sources */,
				B82AF5DF2548015B00FAB2A8 /* View+UIKitComponents.swift in Sources */,
				B8FA93B9254BB08F00AE362C /* NovelDetailsView.swift in Sources */,
				B8F5C210250EDDB2000810F8 /* DictionaryReading+CoreDataProperties.swift in Sources */,
				B82E94BD25665601004A6F85 /* PartOfSpeechMatcher.swift in Sources */,
				B80F45BC25411271004F8A22 /* DiscoverListViewModel.swift in Sources */,
				B880D139251810F20097AF8D /* SplashViewModel.swift in Sources */,
				6D12985A256E1BB500E873F4 /* DefinerTab.swift in Sources */,
				B8FA93B1254BAEEC00AE362C /* NovelDetailsViewModel.swift in Sources */,
				B86550CD255A08D800E4786F /* HistoryEntry+CoreDataProperties.swift in Sources */,
				B8C88D7C256F9FC0006CD768 /* DictionaryUtils.swift in Sources */,
				B8D456D62508DD24000F9E5F /* LibraryEntryView.swift in Sources */,
				B80CBD272542887700C807CD /* DiscoverListItemViewModel.swift in Sources */,
				B80E0E7025497EBA009B0EE8 /* DiscoverSearchResultsViewModel.swift in Sources */,
				B8ADEAB52570E0CC007C3D28 /* View+readSize.swift in Sources */,
				B898110B250F81600059F71F /* NSManagedObject+Init.swift in Sources */,
				B8D4569F2508D1A2000F9E5F /* Reed.xcdatamodeld in Sources */,
				6D1298EE257239E400E873F4 /* HistorySection+CoreDataProperties.swift in Sources */,
				B8B8F9912526C10400D6DF8B /* DictionaryFetcher.swift in Sources */,
				B86550CE255A08D800E4786F /* HistorySection+CoreDataClass.swift in Sources */,
				B89CD68625098C0100D7D8ED /* DiscoverView.swift in Sources */,
				B8667F102509C745001EABD4 /* AppView.swift in Sources */,
				B82E94A42566332D004A6F85 /* MecabWordNode.swift in Sources */,
				B8F5C218250EDEEB000810F8 /* DictionaryTerm+CoreDataProperties.swift in Sources */,
				B8667F132509CA68001EABD4 /* SettingsView.swift in Sources */,
				B82D3D9A254D2E7700F06836 /* CategoryButtonsViewModel.swift in Sources */,
				B8093DD6251A988200D95DCF /* NotificationName+DictionaryParser.swift in Sources */,
				B8FA93BE254BBE0D00AE362C /* NavigationLazyView.swift in Sources */,
				B87D30782516C537002E25FF /* DictionaryLanguageSource+CoreDataProperties.swift in Sources */,
				B8FA12612550B1E300ABE1D3 /* DiscoverTabConstants.swift in Sources */,
				6D9EC86725723B8B00CD4833 /* DefinableTextView.swift in Sources */,
				6D4F99B82556A0C900CC0DF6 /* BottomSheetView.swift in Sources */,
				B8D456A12508D1A2000F9E5F /* LibraryView.swift in Sources */,
				B82AF5FE2548031F00FAB2A8 /* ViewControllerResolver.swift in Sources */,
				B82AF65E2548187200FAB2A8 /* DiscoverSearchViewModel.swift in Sources */,
				B82E94AD25663890004A6F85 /* Deinflector.swift in Sources */,
				B89CD6962509938C00D7D8ED /* VocabularyCardView.swift in Sources */,
				B844F2BD256119060097F5EF /* NovelDetailsModel.swift in Sources */,
				B82AF6472548148200FAB2A8 /* SearchHistory.swift in Sources */,
				B89810F8250F17210059F71F /* DictionaryStorageManager.swift in Sources */,
				B82E94B3256643C2004A6F85 /* Tokenizer.swift in Sources */,
				6DCF77DB252DB19B00CB3C5D /* ReaderViewModel.swift in Sources */,
				B8E25AC52564D164007B492E /* ReaderModel.swift in Sources */,
				B8462309250AF5A3002358A0 /* DictionaryParser.swift in Sources */,
				B8F04A892517F07500405599 /* SplashView.swift in Sources */,
				B8F5C216250EDEEB000810F8 /* DictionaryDefinition+CoreDataProperties.swift in Sources */,
				B89CD698250993F800D7D8ED /* DefinerView.swift in Sources */,
				B82D3D95254D2DA200F06836 /* CategoryButtons.swift in Sources */,
				B8A78F072542F26700577974 /* DiscoverList.swift in Sources */,
				B82E949325662E98004A6F85 /* PartOfSpeech.swift in Sources */,
				B81C86FF250A2207000B9E5F /* LibraryEntryViewModel.swift in Sources */,
				B89CD69A2509944200D7D8ED /* MockCards.swift in Sources */,
				B82AF5FD2548031F00FAB2A8 /* SearchBar.swift in Sources */,
				B8A78F0C2542F27200577974 /* DiscoverListItem.swift in Sources */,
				B89CD6942509934700D7D8ED /* VocabularyListView.swift in Sources */,
				B8D4569C2508D1A2000F9E5F /* SceneDelegate.swift in Sources */,
				B82E94B825664EA0004A6F85 /* FuriganaMaker.swift in Sources */,
				B81C86FD250A1370000B9E5F /* LibraryViewModel.swift in Sources */,
				B8977925256626D400DF1B79 /* MecabWrapper.swift in Sources */,
				B8F5C20D250EDDB2000810F8 /* DictionaryEntry+CoreDataClass.swift in Sources */,
			);
			runOnlyForDeploymentPostprocessing = 0;
		};
		B8D456AB2508D1A2000F9E5F /* Sources */ = {
			isa = PBXSourcesBuildPhase;
			buildActionMask = 2147483647;
			files = (
				B82E94CA256658A8004A6F85 /* FuriganaMakerTests.swift in Sources */,
				B82E94CC256658A8004A6F85 /* PartOfSpeechMatcherTests.swift in Sources */,
				B8A5E50E2527BACE003BCF07 /* UtilsTests.swift in Sources */,
				B83F4B87256F49E60057CFC9 /* NovelDetailsViewModelTests.swift in Sources */,
				B83F4BAC256F88CC0057CFC9 /* ReaderViewModelTests.swift in Sources */,
				B8D456B42508D1A2000F9E5F /* DictionaryParserTests.swift in Sources */,
				B846482F2526CB5000D5A76D /* DictionaryFetcherTests.swift in Sources */,
				B8981108250F6D140059F71F /* Reed.xcdatamodeld in Sources */,
				B83F4B8C256F524D0057CFC9 /* XCTest+busyAssert.swift in Sources */,
				B8939B8425152ED0000399E0 /* DictionaryParserTestUtils.swift in Sources */,
				B82E94CB256658A8004A6F85 /* TokenizerTests.swift in Sources */,
				B89810FA250F504E0059F71F /* TestUtils.swift in Sources */,
				B8D041C125667C18003F1E05 /* DeinflectorTests.swift in Sources */,
				B8539EE52519755A000FF025 /* DictionaryStorageManagerTests.swift in Sources */,
				B844F2C825611CD80097F5EF /* NovelDetailsModelTests.swift in Sources */,
			);
			runOnlyForDeploymentPostprocessing = 0;
		};
		B8D456B62508D1A3000F9E5F /* Sources */ = {
			isa = PBXSourcesBuildPhase;
			buildActionMask = 2147483647;
			files = (
				B8D456BF2508D1A3000F9E5F /* ReedUITests.swift in Sources */,
			);
			runOnlyForDeploymentPostprocessing = 0;
		};
/* End PBXSourcesBuildPhase section */

/* Begin PBXTargetDependency section */
		B8D456B12508D1A2000F9E5F /* PBXTargetDependency */ = {
			isa = PBXTargetDependency;
			target = B8D456952508D1A2000F9E5F /* Reed */;
			targetProxy = B8D456B02508D1A2000F9E5F /* PBXContainerItemProxy */;
		};
		B8D456BC2508D1A3000F9E5F /* PBXTargetDependency */ = {
			isa = PBXTargetDependency;
			target = B8D456952508D1A2000F9E5F /* Reed */;
			targetProxy = B8D456BB2508D1A3000F9E5F /* PBXContainerItemProxy */;
		};
/* End PBXTargetDependency section */

/* Begin XCBuildConfiguration section */
		B8D456C12508D1A3000F9E5F /* Debug */ = {
			isa = XCBuildConfiguration;
			buildSettings = {
				ALWAYS_SEARCH_USER_PATHS = NO;
				CLANG_ANALYZER_NONNULL = YES;
				CLANG_ANALYZER_NUMBER_OBJECT_CONVERSION = YES_AGGRESSIVE;
				CLANG_CXX_LANGUAGE_STANDARD = "gnu++14";
				CLANG_CXX_LIBRARY = "libc++";
				CLANG_ENABLE_MODULES = YES;
				CLANG_ENABLE_OBJC_ARC = YES;
				CLANG_ENABLE_OBJC_WEAK = YES;
				CLANG_WARN_BLOCK_CAPTURE_AUTORELEASING = YES;
				CLANG_WARN_BOOL_CONVERSION = YES;
				CLANG_WARN_COMMA = YES;
				CLANG_WARN_CONSTANT_CONVERSION = YES;
				CLANG_WARN_DEPRECATED_OBJC_IMPLEMENTATIONS = YES;
				CLANG_WARN_DIRECT_OBJC_ISA_USAGE = YES_ERROR;
				CLANG_WARN_DOCUMENTATION_COMMENTS = YES;
				CLANG_WARN_EMPTY_BODY = YES;
				CLANG_WARN_ENUM_CONVERSION = YES;
				CLANG_WARN_INFINITE_RECURSION = YES;
				CLANG_WARN_INT_CONVERSION = YES;
				CLANG_WARN_NON_LITERAL_NULL_CONVERSION = YES;
				CLANG_WARN_OBJC_IMPLICIT_RETAIN_SELF = YES;
				CLANG_WARN_OBJC_LITERAL_CONVERSION = YES;
				CLANG_WARN_OBJC_ROOT_CLASS = YES_ERROR;
				CLANG_WARN_QUOTED_INCLUDE_IN_FRAMEWORK_HEADER = YES;
				CLANG_WARN_RANGE_LOOP_ANALYSIS = YES;
				CLANG_WARN_STRICT_PROTOTYPES = YES;
				CLANG_WARN_SUSPICIOUS_MOVE = YES;
				CLANG_WARN_UNGUARDED_AVAILABILITY = YES_AGGRESSIVE;
				CLANG_WARN_UNREACHABLE_CODE = YES;
				CLANG_WARN__DUPLICATE_METHOD_MATCH = YES;
				COPY_PHASE_STRIP = NO;
				DEBUG_INFORMATION_FORMAT = dwarf;
				ENABLE_STRICT_OBJC_MSGSEND = YES;
				ENABLE_TESTABILITY = YES;
				GCC_C_LANGUAGE_STANDARD = gnu11;
				GCC_DYNAMIC_NO_PIC = NO;
				GCC_NO_COMMON_BLOCKS = YES;
				GCC_OPTIMIZATION_LEVEL = 0;
				GCC_PREPROCESSOR_DEFINITIONS = (
					"DEBUG=1",
					"$(inherited)",
				);
				GCC_WARN_64_TO_32_BIT_CONVERSION = YES;
				GCC_WARN_ABOUT_RETURN_TYPE = YES_ERROR;
				GCC_WARN_UNDECLARED_SELECTOR = YES;
				GCC_WARN_UNINITIALIZED_AUTOS = YES_AGGRESSIVE;
				GCC_WARN_UNUSED_FUNCTION = YES;
				GCC_WARN_UNUSED_VARIABLE = YES;
				IPHONEOS_DEPLOYMENT_TARGET = 14.0;
				MTL_ENABLE_DEBUG_INFO = INCLUDE_SOURCE;
				MTL_FAST_MATH = YES;
				ONLY_ACTIVE_ARCH = YES;
				SDKROOT = iphoneos;
				SWIFT_ACTIVE_COMPILATION_CONDITIONS = DEBUG;
				SWIFT_OPTIMIZATION_LEVEL = "-Onone";
			};
			name = Debug;
		};
		B8D456C22508D1A3000F9E5F /* Release */ = {
			isa = XCBuildConfiguration;
			buildSettings = {
				ALWAYS_SEARCH_USER_PATHS = NO;
				CLANG_ANALYZER_NONNULL = YES;
				CLANG_ANALYZER_NUMBER_OBJECT_CONVERSION = YES_AGGRESSIVE;
				CLANG_CXX_LANGUAGE_STANDARD = "gnu++14";
				CLANG_CXX_LIBRARY = "libc++";
				CLANG_ENABLE_MODULES = YES;
				CLANG_ENABLE_OBJC_ARC = YES;
				CLANG_ENABLE_OBJC_WEAK = YES;
				CLANG_WARN_BLOCK_CAPTURE_AUTORELEASING = YES;
				CLANG_WARN_BOOL_CONVERSION = YES;
				CLANG_WARN_COMMA = YES;
				CLANG_WARN_CONSTANT_CONVERSION = YES;
				CLANG_WARN_DEPRECATED_OBJC_IMPLEMENTATIONS = YES;
				CLANG_WARN_DIRECT_OBJC_ISA_USAGE = YES_ERROR;
				CLANG_WARN_DOCUMENTATION_COMMENTS = YES;
				CLANG_WARN_EMPTY_BODY = YES;
				CLANG_WARN_ENUM_CONVERSION = YES;
				CLANG_WARN_INFINITE_RECURSION = YES;
				CLANG_WARN_INT_CONVERSION = YES;
				CLANG_WARN_NON_LITERAL_NULL_CONVERSION = YES;
				CLANG_WARN_OBJC_IMPLICIT_RETAIN_SELF = YES;
				CLANG_WARN_OBJC_LITERAL_CONVERSION = YES;
				CLANG_WARN_OBJC_ROOT_CLASS = YES_ERROR;
				CLANG_WARN_QUOTED_INCLUDE_IN_FRAMEWORK_HEADER = YES;
				CLANG_WARN_RANGE_LOOP_ANALYSIS = YES;
				CLANG_WARN_STRICT_PROTOTYPES = YES;
				CLANG_WARN_SUSPICIOUS_MOVE = YES;
				CLANG_WARN_UNGUARDED_AVAILABILITY = YES_AGGRESSIVE;
				CLANG_WARN_UNREACHABLE_CODE = YES;
				CLANG_WARN__DUPLICATE_METHOD_MATCH = YES;
				COPY_PHASE_STRIP = NO;
				DEBUG_INFORMATION_FORMAT = "dwarf-with-dsym";
				ENABLE_NS_ASSERTIONS = NO;
				ENABLE_STRICT_OBJC_MSGSEND = YES;
				GCC_C_LANGUAGE_STANDARD = gnu11;
				GCC_NO_COMMON_BLOCKS = YES;
				GCC_WARN_64_TO_32_BIT_CONVERSION = YES;
				GCC_WARN_ABOUT_RETURN_TYPE = YES_ERROR;
				GCC_WARN_UNDECLARED_SELECTOR = YES;
				GCC_WARN_UNINITIALIZED_AUTOS = YES_AGGRESSIVE;
				GCC_WARN_UNUSED_FUNCTION = YES;
				GCC_WARN_UNUSED_VARIABLE = YES;
				IPHONEOS_DEPLOYMENT_TARGET = 14.0;
				MTL_ENABLE_DEBUG_INFO = NO;
				MTL_FAST_MATH = YES;
				SDKROOT = iphoneos;
				SWIFT_COMPILATION_MODE = wholemodule;
				SWIFT_OPTIMIZATION_LEVEL = "-O";
				VALIDATE_PRODUCT = YES;
			};
			name = Release;
		};
		B8D456C42508D1A3000F9E5F /* Debug */ = {
			isa = XCBuildConfiguration;
			baseConfigurationReference = B8D91017B089018BE0AEBA19 /* Pods-Reed.debug.xcconfig */;
			buildSettings = {
				ASSETCATALOG_COMPILER_APPICON_NAME = AppIcon;
				CLANG_ENABLE_MODULES = YES;
				CODE_SIGN_STYLE = Automatic;
				DEVELOPMENT_ASSET_PATHS = "\"Reed/Preview Content\"";
				DEVELOPMENT_TEAM = MS5Q88XNZX;
				ENABLE_PREVIEWS = YES;
				INFOPLIST_FILE = Reed/Info.plist;
				LD_RUNPATH_SEARCH_PATHS = (
					"$(inherited)",
					"@executable_path/Frameworks",
				);
				PRODUCT_BUNDLE_IDENTIFIER = com.rawger.Reed;
				PRODUCT_NAME = "$(TARGET_NAME)";
				SWIFT_OBJC_BRIDGING_HEADER = "Reed/Main/Reed-Bridging-Header.h";
				SWIFT_OPTIMIZATION_LEVEL = "-Onone";
				SWIFT_VERSION = 5.0;
				TARGETED_DEVICE_FAMILY = "1,2";
			};
			name = Debug;
		};
		B8D456C52508D1A3000F9E5F /* Release */ = {
			isa = XCBuildConfiguration;
			baseConfigurationReference = 05F6AF7D4822634DEDD39684 /* Pods-Reed.release.xcconfig */;
			buildSettings = {
				ASSETCATALOG_COMPILER_APPICON_NAME = AppIcon;
				CLANG_ENABLE_MODULES = YES;
				CODE_SIGN_STYLE = Automatic;
				DEVELOPMENT_ASSET_PATHS = "\"Reed/Preview Content\"";
				DEVELOPMENT_TEAM = MS5Q88XNZX;
				ENABLE_PREVIEWS = YES;
				INFOPLIST_FILE = Reed/Info.plist;
				LD_RUNPATH_SEARCH_PATHS = (
					"$(inherited)",
					"@executable_path/Frameworks",
				);
				PRODUCT_BUNDLE_IDENTIFIER = com.rawger.Reed;
				PRODUCT_NAME = "$(TARGET_NAME)";
				SWIFT_OBJC_BRIDGING_HEADER = "Reed/Main/Reed-Bridging-Header.h";
				SWIFT_VERSION = 5.0;
				TARGETED_DEVICE_FAMILY = "1,2";
			};
			name = Release;
		};
		B8D456C72508D1A3000F9E5F /* Debug */ = {
			isa = XCBuildConfiguration;
			baseConfigurationReference = 09D60999940D335A7D74D917 /* Pods-ReedTests.debug.xcconfig */;
			buildSettings = {
				ALWAYS_EMBED_SWIFT_STANDARD_LIBRARIES = YES;
				BUNDLE_LOADER = "$(TEST_HOST)";
				CODE_SIGN_STYLE = Automatic;
				INFOPLIST_FILE = ReedTests/Info.plist;
				IPHONEOS_DEPLOYMENT_TARGET = 14.0;
				LD_RUNPATH_SEARCH_PATHS = (
					"$(inherited)",
					"@executable_path/Frameworks",
					"@loader_path/Frameworks",
				);
				PRODUCT_BUNDLE_IDENTIFIER = Reed.ReedTests;
				PRODUCT_NAME = "$(TARGET_NAME)";
				SWIFT_VERSION = 5.0;
				TARGETED_DEVICE_FAMILY = "1,2";
				TEST_HOST = "$(BUILT_PRODUCTS_DIR)/Reed.app/Reed";
			};
			name = Debug;
		};
		B8D456C82508D1A3000F9E5F /* Release */ = {
			isa = XCBuildConfiguration;
			baseConfigurationReference = 4C9134A1E97C7A555EA7B8DB /* Pods-ReedTests.release.xcconfig */;
			buildSettings = {
				ALWAYS_EMBED_SWIFT_STANDARD_LIBRARIES = YES;
				BUNDLE_LOADER = "$(TEST_HOST)";
				CODE_SIGN_STYLE = Automatic;
				INFOPLIST_FILE = ReedTests/Info.plist;
				IPHONEOS_DEPLOYMENT_TARGET = 14.0;
				LD_RUNPATH_SEARCH_PATHS = (
					"$(inherited)",
					"@executable_path/Frameworks",
					"@loader_path/Frameworks",
				);
				PRODUCT_BUNDLE_IDENTIFIER = Reed.ReedTests;
				PRODUCT_NAME = "$(TARGET_NAME)";
				SWIFT_VERSION = 5.0;
				TARGETED_DEVICE_FAMILY = "1,2";
				TEST_HOST = "$(BUILT_PRODUCTS_DIR)/Reed.app/Reed";
			};
			name = Release;
		};
		B8D456CA2508D1A3000F9E5F /* Debug */ = {
			isa = XCBuildConfiguration;
			buildSettings = {
				ALWAYS_EMBED_SWIFT_STANDARD_LIBRARIES = YES;
				CODE_SIGN_STYLE = Automatic;
				INFOPLIST_FILE = ReedUITests/Info.plist;
				LD_RUNPATH_SEARCH_PATHS = (
					"$(inherited)",
					"@executable_path/Frameworks",
					"@loader_path/Frameworks",
				);
				PRODUCT_BUNDLE_IDENTIFIER = Reed.ReedUITests;
				PRODUCT_NAME = "$(TARGET_NAME)";
				SWIFT_VERSION = 5.0;
				TARGETED_DEVICE_FAMILY = "1,2";
				TEST_TARGET_NAME = Reed;
			};
			name = Debug;
		};
		B8D456CB2508D1A3000F9E5F /* Release */ = {
			isa = XCBuildConfiguration;
			buildSettings = {
				ALWAYS_EMBED_SWIFT_STANDARD_LIBRARIES = YES;
				CODE_SIGN_STYLE = Automatic;
				INFOPLIST_FILE = ReedUITests/Info.plist;
				LD_RUNPATH_SEARCH_PATHS = (
					"$(inherited)",
					"@executable_path/Frameworks",
					"@loader_path/Frameworks",
				);
				PRODUCT_BUNDLE_IDENTIFIER = Reed.ReedUITests;
				PRODUCT_NAME = "$(TARGET_NAME)";
				SWIFT_VERSION = 5.0;
				TARGETED_DEVICE_FAMILY = "1,2";
				TEST_TARGET_NAME = Reed;
			};
			name = Release;
		};
/* End XCBuildConfiguration section */

/* Begin XCConfigurationList section */
		B8D456912508D1A2000F9E5F /* Build configuration list for PBXProject "Reed" */ = {
			isa = XCConfigurationList;
			buildConfigurations = (
				B8D456C12508D1A3000F9E5F /* Debug */,
				B8D456C22508D1A3000F9E5F /* Release */,
			);
			defaultConfigurationIsVisible = 0;
			defaultConfigurationName = Release;
		};
		B8D456C32508D1A3000F9E5F /* Build configuration list for PBXNativeTarget "Reed" */ = {
			isa = XCConfigurationList;
			buildConfigurations = (
				B8D456C42508D1A3000F9E5F /* Debug */,
				B8D456C52508D1A3000F9E5F /* Release */,
			);
			defaultConfigurationIsVisible = 0;
			defaultConfigurationName = Release;
		};
		B8D456C62508D1A3000F9E5F /* Build configuration list for PBXNativeTarget "ReedTests" */ = {
			isa = XCConfigurationList;
			buildConfigurations = (
				B8D456C72508D1A3000F9E5F /* Debug */,
				B8D456C82508D1A3000F9E5F /* Release */,
			);
			defaultConfigurationIsVisible = 0;
			defaultConfigurationName = Release;
		};
		B8D456C92508D1A3000F9E5F /* Build configuration list for PBXNativeTarget "ReedUITests" */ = {
			isa = XCConfigurationList;
			buildConfigurations = (
				B8D456CA2508D1A3000F9E5F /* Debug */,
				B8D456CB2508D1A3000F9E5F /* Release */,
			);
			defaultConfigurationIsVisible = 0;
			defaultConfigurationName = Release;
		};
/* End XCConfigurationList section */

/* Begin XCVersionGroup section */
		B8D4569D2508D1A2000F9E5F /* Reed.xcdatamodeld */ = {
			isa = XCVersionGroup;
			children = (
				B8D4569E2508D1A2000F9E5F /* Reed.xcdatamodel */,
			);
			currentVersion = B8D4569E2508D1A2000F9E5F /* Reed.xcdatamodel */;
			path = Reed.xcdatamodeld;
			sourceTree = "<group>";
			versionGroupType = wrapper.xcdatamodel;
		};
/* End XCVersionGroup section */
	};
	rootObject = B8D4568E2508D1A2000F9E5F /* Project object */;
}
